// !$*UTF8*$!
{
	archiveVersion = 1;
	classes = {
	};
	objectVersion = 77;
	objects = {

/* Begin PBXBuildFile section */
		03E804A4E2FCA8969DC75780 /* AppIconView.swift in Sources */ = {isa = PBXBuildFile; fileRef = 294D5510470BCCC748D963EF /* AppIconView.swift */; };
		0457834A49A0BAE9C4DD1317 /* HapticManager.swift in Sources */ = {isa = PBXBuildFile; fileRef = 556B58459AD095759D354A50 /* HapticManager.swift */; };
		04872FB1F5D474279650ADBE /* StreakWidget.swift in Sources */ = {isa = PBXBuildFile; fileRef = 1017347D74F7CCC3A6F5F42B /* StreakWidget.swift */; };
		054BDC6302065632FC5D6056 /* FocusHistoryView.swift in Sources */ = {isa = PBXBuildFile; fileRef = C1DB1872E4F231067B2FA181 /* FocusHistoryView.swift */; };
		0691DFA04E512D349F52F2C1 /* LockScreenWidgets.swift in Sources */ = {isa = PBXBuildFile; fileRef = 76485BCD5707465CD6154CDE /* LockScreenWidgets.swift */; };
		06D1678B3CA98110FF4A30A3 /* JournalView.swift in Sources */ = {isa = PBXBuildFile; fileRef = 8862F7CCFF777B0D8CA1DD6A /* JournalView.swift */; };
		0A6F703F01E73C7748F873B3 /* HabitsView.swift in Sources */ = {isa = PBXBuildFile; fileRef = F17E680F1456FFA1E8F5CA33 /* HabitsView.swift */; };
		0AA2DBF4F92AE3981E028910 /* AIAssistantView.swift in Sources */ = {isa = PBXBuildFile; fileRef = C3D6F556C56B7C78020A2050 /* AIAssistantView.swift */; };
		10516D62B550FF7537F5E0CC /* MorningCheckInView.swift in Sources */ = {isa = PBXBuildFile; fileRef = 7F1AD137E5B854688F47407D /* MorningCheckInView.swift */; };
		10C1E5FA3E3EC3BCBB896410 /* FocusTimerWidget.swift in Sources */ = {isa = PBXBuildFile; fileRef = 6D3CBD184DC8676BC261B302 /* FocusTimerWidget.swift */; };
		112B2339592D943DF5B23A8E /* FloTypography.swift in Sources */ = {isa = PBXBuildFile; fileRef = C95D1A9A1D3236FDB51EF57F /* FloTypography.swift */; };
		119D00A897552BC61DAE59D4 /* FocusLiveActivity.swift in Sources */ = {isa = PBXBuildFile; fileRef = D0E187E78D4C18D3BEE735B3 /* FocusLiveActivity.swift */; };
		126D58FFFB8AD99246A25D45 /* ToggleHabitIntent.swift in Sources */ = {isa = PBXBuildFile; fileRef = EC463BDF10994C05BA3A77DE /* ToggleHabitIntent.swift */; };
		1292C08E4F9D3615A430B3B0 /* StoreKitManager.swift in Sources */ = {isa = PBXBuildFile; fileRef = 11249C461E3ADCF29A298B83 /* StoreKitManager.swift */; };
		13C4A1E00A20B2E5E7B6DDFC /* ThemePickerView.swift in Sources */ = {isa = PBXBuildFile; fileRef = A6810F43EBC488FEC9EFB937 /* ThemePickerView.swift */; };
		141B1EDE0E81645B3759FA9A /* HabitCategoriesView.swift in Sources */ = {isa = PBXBuildFile; fileRef = 32ECB779FA9227E81CB42B09 /* HabitCategoriesView.swift */; };
		15157222F7E189C7586D549D /* NotificationManager.swift in Sources */ = {isa = PBXBuildFile; fileRef = 9C1348E4166A22517B9D98FD /* NotificationManager.swift */; };
		1699B1F55A8CA1E11CB5EADD /* SupabaseModels.swift in Sources */ = {isa = PBXBuildFile; fileRef = 8B573B5917BE7BB7E35213EA /* SupabaseModels.swift */; };
		1ABC3F44B45594F6E5043037 /* FloAnimations.swift in Sources */ = {isa = PBXBuildFile; fileRef = 9262C97D485427344A4C25AC /* FloAnimations.swift */; };
		1B4F28AF6A5289A4468141F2 /* ProductivityScoreWidget.swift in Sources */ = {isa = PBXBuildFile; fileRef = 7D8F8D1F15C17CEB61C436AA /* ProductivityScoreWidget.swift */; };
		1C4025F4897BFFF2846C60D2 /* StreakWidget.swift in Sources */ = {isa = PBXBuildFile; fileRef = 1017347D74F7CCC3A6F5F42B /* StreakWidget.swift */; };
		1C9D855069C8A531438DA5C6 /* ProductivityScoreWidget.swift in Sources */ = {isa = PBXBuildFile; fileRef = 7D8F8D1F15C17CEB61C436AA /* ProductivityScoreWidget.swift */; };
		1CA33E486F555D949CD84FC6 /* Note.swift in Sources */ = {isa = PBXBuildFile; fileRef = 2803732B849FFE25091E1A10 /* Note.swift */; };
		1DE01B7644A616499280774B /* PaywallView.swift in Sources */ = {isa = PBXBuildFile; fileRef = 265955490D96A231E27A4330 /* PaywallView.swift */; };
		2011DDCCE9849187D8BEB382 /* FloColors.swift in Sources */ = {isa = PBXBuildFile; fileRef = 09020E6BAA0A88AE9A1E94AA /* FloColors.swift */; };
		2181581FDF14A96D09736E15 /* FocusViewModel.swift in Sources */ = {isa = PBXBuildFile; fileRef = 9202083731A26ABEB17258C3 /* FocusViewModel.swift */; };
		21B642151ADD0DCB7D92BA06 /* HabitViewModel.swift in Sources */ = {isa = PBXBuildFile; fileRef = 316C4043395BF9B4A9B2960C /* HabitViewModel.swift */; };
		228B5094E334DB40FDE63074 /* JournalView.swift in Sources */ = {isa = PBXBuildFile; fileRef = 8862F7CCFF777B0D8CA1DD6A /* JournalView.swift */; };
		228D9E518BD7732A4A7CE823 /* DailyPlannerView.swift in Sources */ = {isa = PBXBuildFile; fileRef = 5C3E6CEC38E59D3EA2A9FA7C /* DailyPlannerView.swift */; };
		2587AF1AB217AD90E7E1F81C /* AIDailyBriefingView.swift in Sources */ = {isa = PBXBuildFile; fileRef = 4B8210CBECA77C2A6D13D494 /* AIDailyBriefingView.swift */; };
		25C499BE4A63731A6F25983C /* LiquidGlass.swift in Sources */ = {isa = PBXBuildFile; fileRef = 114EF72E57704E0F3387986F /* LiquidGlass.swift */; };
		27B9408A5C8AD10A444A178A /* NotesViewModel.swift in Sources */ = {isa = PBXBuildFile; fileRef = A88D71E0A84B8E45E71CC6BF /* NotesViewModel.swift */; };
		2A738CDE51EEDD498FB2F575 /* FloApp.swift in Sources */ = {isa = PBXBuildFile; fileRef = E62AE5D376932D4CDBDCB3B9 /* FloApp.swift */; };
		2A98BD76977A1A2357A486FE /* WeeklyPlannerView.swift in Sources */ = {isa = PBXBuildFile; fileRef = 4BF2C28F2AF785DBE386DB5A /* WeeklyPlannerView.swift */; };
		2C4F91804854F06102EF2050 /* Assets.xcassets in Resources */ = {isa = PBXBuildFile; fileRef = 43172803406EA8EC9EA8C52D /* Assets.xcassets */; };
		2D9883B6713E6D7A853DD13E /* SupabaseManager.swift in Sources */ = {isa = PBXBuildFile; fileRef = 8A5D883FC89F134DB4491007 /* SupabaseManager.swift */; };
		2E34543DA16ABD43CB2CD243 /* FocusReportView.swift in Sources */ = {isa = PBXBuildFile; fileRef = EAD4C1D8A3C4FD28DF3A02E5 /* FocusReportView.swift */; };
		2EAAF3A157993033362206FF /* AIAssistantView.swift in Sources */ = {isa = PBXBuildFile; fileRef = C3D6F556C56B7C78020A2050 /* AIAssistantView.swift */; };
		301F316390659D7DF166FB0A /* WidgetDataService.swift in Sources */ = {isa = PBXBuildFile; fileRef = 6858BA19EC681EAA0BF331C9 /* WidgetDataService.swift */; };
		30E90ED003BC5B2FEDF06B4E /* WeeklyPlannerView.swift in Sources */ = {isa = PBXBuildFile; fileRef = 4BF2C28F2AF785DBE386DB5A /* WeeklyPlannerView.swift */; };
		3196E92EA0AAF87E706846E8 /* Enums.swift in Sources */ = {isa = PBXBuildFile; fileRef = 46BEFBEE99E1FB952CA1A702 /* Enums.swift */; };
		325478C6CEBF11195357C210 /* Tag.swift in Sources */ = {isa = PBXBuildFile; fileRef = 0DEC391D367031591AC18D79 /* Tag.swift */; };
		32DC620F00A1517E101C5A76 /* TaskItem.swift in Sources */ = {isa = PBXBuildFile; fileRef = 4B77E3F7A1F6A3C917B1FEF6 /* TaskItem.swift */; };
		33BD3D09B537AF2B92E6FC62 /* FloCard.swift in Sources */ = {isa = PBXBuildFile; fileRef = 0049BDC846DBEAD3B064E797 /* FloCard.swift */; };
		33CCA4B39B96AC527DD2FD78 /* HabitsView.swift in Sources */ = {isa = PBXBuildFile; fileRef = F17E680F1456FFA1E8F5CA33 /* HabitsView.swift */; };
		34A8B98F3A1CADA3BC85F50A /* FloWidgetsBundle.swift in Sources */ = {isa = PBXBuildFile; fileRef = AB68F46999B7DDCD515D6877 /* FloWidgetsBundle.swift */; };
		34E3F46E8C234644E9F12172 /* JournalEntry.swift in Sources */ = {isa = PBXBuildFile; fileRef = 874C7CCD9BFB6BDBC3F01432 /* JournalEntry.swift */; };
		35C420D96126B5D868EBF65B /* FloAIService.swift in Sources */ = {isa = PBXBuildFile; fileRef = 7546598617C310FB2E710E52 /* FloAIService.swift */; };
		383A94EC56165976DC74EA62 /* SharedData.swift in Sources */ = {isa = PBXBuildFile; fileRef = B513499CF4DA7C7704D42B92 /* SharedData.swift */; };
		3A58D942C4CAFA2CE2E03961 /* SyncService.swift in Sources */ = {isa = PBXBuildFile; fileRef = 7604618AE902A760194FBFF3 /* SyncService.swift */; };
		3B81F31D04F13C11FF00285D /* FloProgressRing.swift in Sources */ = {isa = PBXBuildFile; fileRef = 7ED1A1B7C62817B55AA388B0 /* FloProgressRing.swift */; };
		3EA7CF173F1150ECB782BE18 /* LiveActivityManager.swift in Sources */ = {isa = PBXBuildFile; fileRef = 2081B9E13A046636829D87B5 /* LiveActivityManager.swift */; };
		3F07740C766E3184A150B38A /* TaskViewModel.swift in Sources */ = {isa = PBXBuildFile; fileRef = 5BEDADACE8C3588793D3A0F0 /* TaskViewModel.swift */; };
		3F278D8D44F04137BC218F41 /* FocusSession.swift in Sources */ = {isa = PBXBuildFile; fileRef = 5959508A93309DD4C55E40B2 /* FocusSession.swift */; };
		4054F8E54B678042B5CB1918 /* Habit.swift in Sources */ = {isa = PBXBuildFile; fileRef = F7F4CAC06D07E29C6090E45E /* Habit.swift */; };
		440B733E37A051B4F7ED4F44 /* FloTextField.swift in Sources */ = {isa = PBXBuildFile; fileRef = 3CD790E89CFA8C564565734D /* FloTextField.swift */; };
		488223D2213B216E34582289 /* FloButton.swift in Sources */ = {isa = PBXBuildFile; fileRef = 1B2CEEC246B02DCDCFA9D1C0 /* FloButton.swift */; };
		496E7FD9C590D55DA04B6861 /* EisenhowerMatrixView.swift in Sources */ = {isa = PBXBuildFile; fileRef = 3CD15676B85B4C92ED8F1CE2 /* EisenhowerMatrixView.swift */; };
		4A4A7CE88A02FEBD18AA6592 /* FocusPresetsView.swift in Sources */ = {isa = PBXBuildFile; fileRef = 099E2BB95E64BB8CFE6D0ADF /* FocusPresetsView.swift */; };
		4A87FD4A7F81A9FD4324DAAA /* FloProducts.storekit in Resources */ = {isa = PBXBuildFile; fileRef = 9C5EB27E519FB44B5C9AB9B4 /* FloProducts.storekit */; };
		4C1FB5ECD1E96B49F52225FE /* QuickActionsManager.swift in Sources */ = {isa = PBXBuildFile; fileRef = B2A12173DB26A069E848967C /* QuickActionsManager.swift */; };
		4C38F5061B937AFB35A76584 /* TaskCalendarView.swift in Sources */ = {isa = PBXBuildFile; fileRef = F111C92ADD21B7CA0BBB9F36 /* TaskCalendarView.swift */; };
		4D1EF2A1CF8092B476241A50 /* AdManager.swift in Sources */ = {isa = PBXBuildFile; fileRef = E4F45CEBE0BCDF47142499C5 /* AdManager.swift */; };
		4F4036C1863758B92BB00D28 /* AmbientSoundsView.swift in Sources */ = {isa = PBXBuildFile; fileRef = E52F2B601060B41C0D63A67B /* AmbientSoundsView.swift */; };
		4FBE1172AA2029078E53934F /* PaywallView.swift in Sources */ = {isa = PBXBuildFile; fileRef = 265955490D96A231E27A4330 /* PaywallView.swift */; };
		4FCC6CC1E09A5C600E486C9D /* SmartList.swift in Sources */ = {isa = PBXBuildFile; fileRef = 972519780896F7C172B48E9B /* SmartList.swift */; };
		506730091F68E98C726D55A7 /* TaskViewModel.swift in Sources */ = {isa = PBXBuildFile; fileRef = 5BEDADACE8C3588793D3A0F0 /* TaskViewModel.swift */; };
		50DE7237011EF070346DA9C0 /* Assets.xcassets in Resources */ = {isa = PBXBuildFile; fileRef = B98F671E9B86A1F99F15E33E /* Assets.xcassets */; };
		537E2B83BC4B4637C658B4A6 /* TasksView.swift in Sources */ = {isa = PBXBuildFile; fileRef = 0AFE3BDDDBA7A6FDF06418D1 /* TasksView.swift */; };
		5839E36CA776A72146B91801 /* CalendarService.swift in Sources */ = {isa = PBXBuildFile; fileRef = 51AD3D5CF2ED0EA4DA7B7D26 /* CalendarService.swift */; };
		5955D86CFC06D4E2A0BC0E73 /* Assets.xcassets in Resources */ = {isa = PBXBuildFile; fileRef = B98F671E9B86A1F99F15E33E /* Assets.xcassets */; };
		5B5E470AFE6CFA73FCBAF014 /* WhatsNewView.swift in Sources */ = {isa = PBXBuildFile; fileRef = C5835F7E6E742728CB7D59FE /* WhatsNewView.swift */; };
		5C55682AEC2E36A0181F702E /* Project.swift in Sources */ = {isa = PBXBuildFile; fileRef = EF3C6100FF9F657C235ACAA4 /* Project.swift */; };
		5C995B136829C85D165D3087 /* WidgetDataService.swift in Sources */ = {isa = PBXBuildFile; fileRef = 6858BA19EC681EAA0BF331C9 /* WidgetDataService.swift */; };
		605599C124EF0232379CFCF8 /* FocusReportView.swift in Sources */ = {isa = PBXBuildFile; fileRef = EAD4C1D8A3C4FD28DF3A02E5 /* FocusReportView.swift */; };
		6157522468E06B84DD60366D /* AIFeaturesHubView.swift in Sources */ = {isa = PBXBuildFile; fileRef = 284545D2295542BA355920AB /* AIFeaturesHubView.swift */; };
		61EDB143E98A4C83711BEF6F /* AdManager.swift in Sources */ = {isa = PBXBuildFile; fileRef = E4F45CEBE0BCDF47142499C5 /* AdManager.swift */; };
		66BEE3D8F86BFAC31E9DC6D1 /* AIDailyBriefingView.swift in Sources */ = {isa = PBXBuildFile; fileRef = 4B8210CBECA77C2A6D13D494 /* AIDailyBriefingView.swift */; };
		6770D33C63140CF3FE3013EF /* Note.swift in Sources */ = {isa = PBXBuildFile; fileRef = 2803732B849FFE25091E1A10 /* Note.swift */; };
		6B7105546E584BEC599070BB /* FocusTimerWidget.swift in Sources */ = {isa = PBXBuildFile; fileRef = 6D3CBD184DC8676BC261B302 /* FocusTimerWidget.swift */; };
		6BCAE234952643078C4D3A90 /* MoodEntry.swift in Sources */ = {isa = PBXBuildFile; fileRef = 827B8D44EB3A61E0F8603BE5 /* MoodEntry.swift */; };
		6C0954BDA7163C51D02E15AC /* CalendarService.swift in Sources */ = {isa = PBXBuildFile; fileRef = 51AD3D5CF2ED0EA4DA7B7D26 /* CalendarService.swift */; };
		6CCC0A837AA6AA7D6E35DE6D /* TasksView.swift in Sources */ = {isa = PBXBuildFile; fileRef = 0AFE3BDDDBA7A6FDF06418D1 /* TasksView.swift */; };
		6CF2FFA519700BE0C67E7735 /* ContentView.swift in Sources */ = {isa = PBXBuildFile; fileRef = 0080A375746D6C5C88217EB4 /* ContentView.swift */; };
		6E2C139D9DE990DA2F842E7B /* KanbanBoardView.swift in Sources */ = {isa = PBXBuildFile; fileRef = C92C37013F149353C94B3DDD /* KanbanBoardView.swift */; };
		7067F7CA87731160FFFA68A9 /* StoreKitManager.swift in Sources */ = {isa = PBXBuildFile; fileRef = 11249C461E3ADCF29A298B83 /* StoreKitManager.swift */; };
		708403449EF6E5FFE495AB83 /* OnboardingView.swift in Sources */ = {isa = PBXBuildFile; fileRef = 0D41F2E955CC84DC208FE7D1 /* OnboardingView.swift */; };
		70E714DE7290E74FC92FF66B /* AIFeaturesHubView.swift in Sources */ = {isa = PBXBuildFile; fileRef = 284545D2295542BA355920AB /* AIFeaturesHubView.swift */; };
		71E9DD830EC76950F361A6E8 /* FocusSession.swift in Sources */ = {isa = PBXBuildFile; fileRef = 5959508A93309DD4C55E40B2 /* FocusSession.swift */; };
		730C61D450C00579A1A151B1 /* FloCard.swift in Sources */ = {isa = PBXBuildFile; fileRef = 0049BDC846DBEAD3B064E797 /* FloCard.swift */; };
		7612D65D3F9E930CE3BAB6D2 /* ProfileView.swift in Sources */ = {isa = PBXBuildFile; fileRef = 671E73457FE6B9B986FCF48D /* ProfileView.swift */; };
		7858FDBC9767F5E7EA81F30C /* FloTypography.swift in Sources */ = {isa = PBXBuildFile; fileRef = C95D1A9A1D3236FDB51EF57F /* FloTypography.swift */; };
		7ACD7366413AC8789DEF0044 /* FocusTimerView.swift in Sources */ = {isa = PBXBuildFile; fileRef = 470E2AD0C773BDC3706CF63E /* FocusTimerView.swift */; };
		7EC127920D066AFE70126B96 /* FocusHistoryView.swift in Sources */ = {isa = PBXBuildFile; fileRef = C1DB1872E4F231067B2FA181 /* FocusHistoryView.swift */; };
		7EC78098FE04FA86984365F2 /* FocusLiveActivity.swift in Sources */ = {isa = PBXBuildFile; fileRef = D0E187E78D4C18D3BEE735B3 /* FocusLiveActivity.swift */; };
		7F12172E2377607839E90F13 /* DataExportView.swift in Sources */ = {isa = PBXBuildFile; fileRef = 911FA75A88487203D5BAFF94 /* DataExportView.swift */; };
		816957AEFF91CFB8A81CEAF9 /* NotesView.swift in Sources */ = {isa = PBXBuildFile; fileRef = D7C565C42C6FEFAE3C89451D /* NotesView.swift */; };
		81BA4922D583AFB4E1C21720 /* KanbanBoardView.swift in Sources */ = {isa = PBXBuildFile; fileRef = C92C37013F149353C94B3DDD /* KanbanBoardView.swift */; };
		82820C18F2543845BF05E2F1 /* SmartList.swift in Sources */ = {isa = PBXBuildFile; fileRef = 972519780896F7C172B48E9B /* SmartList.swift */; };
		8327F9EDE260961C40288AC3 /* SupabaseModels.swift in Sources */ = {isa = PBXBuildFile; fileRef = 8B573B5917BE7BB7E35213EA /* SupabaseModels.swift */; };
		83524F7E17BF7FB08584920F /* TaskStatsView.swift in Sources */ = {isa = PBXBuildFile; fileRef = EF73D96BBB61336B06A593CD /* TaskStatsView.swift */; };
		83553C1C8A6D158AE66E099E /* SettingsView.swift in Sources */ = {isa = PBXBuildFile; fileRef = 7026D9CA18C9D74E4FC05C0D /* SettingsView.swift */; };
		860392EAE483D34D5A1982FB /* AuthView.swift in Sources */ = {isa = PBXBuildFile; fileRef = 13C2DE48E6EB2BF76F26D2CB /* AuthView.swift */; };
		95097599CB22099A028CED1C /* HabitTrackerWidget.swift in Sources */ = {isa = PBXBuildFile; fileRef = E60FD9612E4E682D5137B65D /* HabitTrackerWidget.swift */; };
		97508F7A26BBF0742B8EFEEC /* ThemePickerView.swift in Sources */ = {isa = PBXBuildFile; fileRef = A6810F43EBC488FEC9EFB937 /* ThemePickerView.swift */; };
		9804481A3FA7BAA7978FC32D /* ProductivityScoreView.swift in Sources */ = {isa = PBXBuildFile; fileRef = 6233E1A354018E74B6D01954 /* ProductivityScoreView.swift */; };
		998C168BF930DFD1C2E82C0E /* TodaySummaryWidget.swift in Sources */ = {isa = PBXBuildFile; fileRef = DB7566C5A2B1007346EFD106 /* TodaySummaryWidget.swift */; };
		9AC13EEBAE0E07D72537C54B /* AppIconView.swift in Sources */ = {isa = PBXBuildFile; fileRef = 294D5510470BCCC748D963EF /* AppIconView.swift */; };
		9D29BCFECAA772A304028386 /* JournalEntry.swift in Sources */ = {isa = PBXBuildFile; fileRef = 874C7CCD9BFB6BDBC3F01432 /* JournalEntry.swift */; };
		9E3002AD8D1D5C667A83ED58 /* ContentView.swift in Sources */ = {isa = PBXBuildFile; fileRef = 0080A375746D6C5C88217EB4 /* ContentView.swift */; };
		A0074E32B79DF68176E8F980 /* NextTaskWidget.swift in Sources */ = {isa = PBXBuildFile; fileRef = F9DE068611127807A56E1D6A /* NextTaskWidget.swift */; };
		A2BD4FDFCCAB6250F3E1F6EF /* FloWidgetsBundle.swift in Sources */ = {isa = PBXBuildFile; fileRef = AB68F46999B7DDCD515D6877 /* FloWidgetsBundle.swift */; };
		A2CFF73BDF620C25E4F2F6FA /* NotesViewModel.swift in Sources */ = {isa = PBXBuildFile; fileRef = A88D71E0A84B8E45E71CC6BF /* NotesViewModel.swift */; };
		A3F8B311BABD919A731F6A10 /* OnboardingViewModel.swift in Sources */ = {isa = PBXBuildFile; fileRef = 49D053475C5DEC8B9E546812 /* OnboardingViewModel.swift */; };
		A54C20BC16147B3A43993B53 /* FloAIService.swift in Sources */ = {isa = PBXBuildFile; fileRef = 7546598617C310FB2E710E52 /* FloAIService.swift */; };
		A75E7B52968887B0CE16AB34 /* Tag.swift in Sources */ = {isa = PBXBuildFile; fileRef = 0DEC391D367031591AC18D79 /* Tag.swift */; };
		A790FCEC6C7FF1474054C26D /* AdvancedStatsView.swift in Sources */ = {isa = PBXBuildFile; fileRef = 49F8D77D54D53EB1CD5B818E /* AdvancedStatsView.swift */; };
		A8789D60BC3CA5B4A0BAF2C2 /* AuthView.swift in Sources */ = {isa = PBXBuildFile; fileRef = 13C2DE48E6EB2BF76F26D2CB /* AuthView.swift */; };
		AB4041743D68F31958A016A8 /* DailyScore.swift in Sources */ = {isa = PBXBuildFile; fileRef = 323852B755EA4A6C8C39F8CE /* DailyScore.swift */; };
		ABCBB73A966A9A6A03C96F19 /* Habit.swift in Sources */ = {isa = PBXBuildFile; fileRef = F7F4CAC06D07E29C6090E45E /* Habit.swift */; };
		ABF289F1D7EFC5639A93FF1C /* EisenhowerMatrixView.swift in Sources */ = {isa = PBXBuildFile; fileRef = 3CD15676B85B4C92ED8F1CE2 /* EisenhowerMatrixView.swift */; };
		ACB9CAEE4C3E4C965EB1320B /* FocusPresetsView.swift in Sources */ = {isa = PBXBuildFile; fileRef = 099E2BB95E64BB8CFE6D0ADF /* FocusPresetsView.swift */; };
		B0CCB615CE79089399558F63 /* OnboardingViewModel.swift in Sources */ = {isa = PBXBuildFile; fileRef = 49D053475C5DEC8B9E546812 /* OnboardingViewModel.swift */; };
		B1C3C9294D8EAD3C6F36C10F /* FloProgressRing.swift in Sources */ = {isa = PBXBuildFile; fileRef = 7ED1A1B7C62817B55AA388B0 /* FloProgressRing.swift */; };
		B254F8312A2149CAF873E45E /* HabitTrackerWidget.swift in Sources */ = {isa = PBXBuildFile; fileRef = E60FD9612E4E682D5137B65D /* HabitTrackerWidget.swift */; };
		B2E9091A803C513F8DB1A89B /* ToggleHabitIntent.swift in Sources */ = {isa = PBXBuildFile; fileRef = EC463BDF10994C05BA3A77DE /* ToggleHabitIntent.swift */; };
		B3F5B92DF4FFE5F9CCC39726 /* NotesView.swift in Sources */ = {isa = PBXBuildFile; fileRef = D7C565C42C6FEFAE3C89451D /* NotesView.swift */; };
		B587B50C3DA728635A348CD8 /* SettingsView.swift in Sources */ = {isa = PBXBuildFile; fileRef = 7026D9CA18C9D74E4FC05C0D /* SettingsView.swift */; };
		B9F00FC0B2A123D447786D91 /* TaskTemplatesView.swift in Sources */ = {isa = PBXBuildFile; fileRef = 65069CDCEDDA673AD25F4AA7 /* TaskTemplatesView.swift */; };
		BBFE8C848CB32964D1FB11F5 /* Supabase in Frameworks */ = {isa = PBXBuildFile; productRef = 4D4C2B60526730E7641EFA1D /* Supabase */; };
		BDE9FF0E9C5FD05D87EAD781 /* Supabase in Frameworks */ = {isa = PBXBuildFile; productRef = FB5DE761DD5E93F1134D09C0 /* Supabase */; };
		BE5A26C726701BF2280EA3DC /* HapticManager.swift in Sources */ = {isa = PBXBuildFile; fileRef = 556B58459AD095759D354A50 /* HapticManager.swift */; };
		BF03B18EB6730665993C370D /* DataExportView.swift in Sources */ = {isa = PBXBuildFile; fileRef = 911FA75A88487203D5BAFF94 /* DataExportView.swift */; };
		BF81986168EAABD196E455C0 /* DailyScore.swift in Sources */ = {isa = PBXBuildFile; fileRef = 323852B755EA4A6C8C39F8CE /* DailyScore.swift */; };
		C066A72549380E79E52E3420 /* NotificationManager.swift in Sources */ = {isa = PBXBuildFile; fileRef = 9C1348E4166A22517B9D98FD /* NotificationManager.swift */; };
		C6CCF2439BE7C4C042C952F1 /* Enums.swift in Sources */ = {isa = PBXBuildFile; fileRef = 46BEFBEE99E1FB952CA1A702 /* Enums.swift */; };
		C6EF2299A6F9884660369109 /* EveningReviewView.swift in Sources */ = {isa = PBXBuildFile; fileRef = 0F2E3F8B010E42FCFD60E398 /* EveningReviewView.swift */; };
		CA3FA67BBF8CE484852F3FCD /* FocusViewModel.swift in Sources */ = {isa = PBXBuildFile; fileRef = 9202083731A26ABEB17258C3 /* FocusViewModel.swift */; };
		D08BDCA520BE847ADB162D3C /* OnboardingView.swift in Sources */ = {isa = PBXBuildFile; fileRef = 0D41F2E955CC84DC208FE7D1 /* OnboardingView.swift */; };
		D155ADEBFB5AFE7402158228 /* LiveActivityManager.swift in Sources */ = {isa = PBXBuildFile; fileRef = 2081B9E13A046636829D87B5 /* LiveActivityManager.swift */; };
		D1AEFA33B7BD20A8E8412841 /* MoodEntry.swift in Sources */ = {isa = PBXBuildFile; fileRef = 827B8D44EB3A61E0F8603BE5 /* MoodEntry.swift */; };
		D29916E9BAB570AB4773E010 /* FloApp.swift in Sources */ = {isa = PBXBuildFile; fileRef = E62AE5D376932D4CDBDCB3B9 /* FloApp.swift */; };
		D310CF2B104EB39454B539EB /* MorningCheckInView.swift in Sources */ = {isa = PBXBuildFile; fileRef = 7F1AD137E5B854688F47407D /* MorningCheckInView.swift */; };
		D456C89CFEC0A5BA27DCA8F5 /* SupabaseManager.swift in Sources */ = {isa = PBXBuildFile; fileRef = 8A5D883FC89F134DB4491007 /* SupabaseManager.swift */; };
		D53DB8FAD44CBECAABC94E0D /* TodaySummaryWidget.swift in Sources */ = {isa = PBXBuildFile; fileRef = DB7566C5A2B1007346EFD106 /* TodaySummaryWidget.swift */; };
		D6D7D41D691C8691F7C342E6 /* LiquidGlass.swift in Sources */ = {isa = PBXBuildFile; fileRef = 114EF72E57704E0F3387986F /* LiquidGlass.swift */; };
		D7C534342F901BB0A17BFA3E /* FloTextField.swift in Sources */ = {isa = PBXBuildFile; fileRef = 3CD790E89CFA8C564565734D /* FloTextField.swift */; };
		D904804ED3417530ECC48612 /* HabitViewModel.swift in Sources */ = {isa = PBXBuildFile; fileRef = 316C4043395BF9B4A9B2960C /* HabitViewModel.swift */; };
		D9BB0ACFA286FCECE861C250 /* QuickActionsManager.swift in Sources */ = {isa = PBXBuildFile; fileRef = B2A12173DB26A069E848967C /* QuickActionsManager.swift */; };
		DA3D9DBE5124AC8854C4A4A4 /* TaskTemplatesView.swift in Sources */ = {isa = PBXBuildFile; fileRef = 65069CDCEDDA673AD25F4AA7 /* TaskTemplatesView.swift */; };
		DA9815A39E0889F6EE632291 /* LockScreenWidgets.swift in Sources */ = {isa = PBXBuildFile; fileRef = 76485BCD5707465CD6154CDE /* LockScreenWidgets.swift */; };
		DABD5E7BCEA0BD1BAA5CACC0 /* Assets.xcassets in Resources */ = {isa = PBXBuildFile; fileRef = 43172803406EA8EC9EA8C52D /* Assets.xcassets */; };
		DADEB22444745227CAE09093 /* FloProducts.storekit in Resources */ = {isa = PBXBuildFile; fileRef = 9C5EB27E519FB44B5C9AB9B4 /* FloProducts.storekit */; };
		DB875D678B40614D320B099B /* NextTaskWidget.swift in Sources */ = {isa = PBXBuildFile; fileRef = F9DE068611127807A56E1D6A /* NextTaskWidget.swift */; };
		DD780213A881A6B99C25BB1B /* DailyPlannerView.swift in Sources */ = {isa = PBXBuildFile; fileRef = 5C3E6CEC38E59D3EA2A9FA7C /* DailyPlannerView.swift */; };
		DD9F51F3B2C6C84EBFCF1F73 /* Project.swift in Sources */ = {isa = PBXBuildFile; fileRef = EF3C6100FF9F657C235ACAA4 /* Project.swift */; };
		DE06244DFD273DB6D72043E9 /* TaskStatsView.swift in Sources */ = {isa = PBXBuildFile; fileRef = EF73D96BBB61336B06A593CD /* TaskStatsView.swift */; };
		DE2B6801CD064074C431C5DD /* WhatsNewView.swift in Sources */ = {isa = PBXBuildFile; fileRef = C5835F7E6E742728CB7D59FE /* WhatsNewView.swift */; };
		DFE8D679CD1EAF2A41BBB814 /* AdvancedStatsView.swift in Sources */ = {isa = PBXBuildFile; fileRef = 49F8D77D54D53EB1CD5B818E /* AdvancedStatsView.swift */; };
		E3B8E7EA0CF7E3524304036E /* FloEmptyState.swift in Sources */ = {isa = PBXBuildFile; fileRef = CC522C35DC6889867E09C0C6 /* FloEmptyState.swift */; };
		E590EBDCE812EC9D3515CB19 /* ProductivityScoreView.swift in Sources */ = {isa = PBXBuildFile; fileRef = 6233E1A354018E74B6D01954 /* ProductivityScoreView.swift */; };
		E8755B0245D92CF4941AC098 /* SmartListsView.swift in Sources */ = {isa = PBXBuildFile; fileRef = 3967EADC9D67E7134A88FD44 /* SmartListsView.swift */; };
		E91AF914FE114F547C0062E2 /* AmbientSoundsView.swift in Sources */ = {isa = PBXBuildFile; fileRef = E52F2B601060B41C0D63A67B /* AmbientSoundsView.swift */; };
		EA99F87F34A7677D9B010E33 /* FloColors.swift in Sources */ = {isa = PBXBuildFile; fileRef = 09020E6BAA0A88AE9A1E94AA /* FloColors.swift */; };
		EB75071D75718E85309BBFAF /* TaskCalendarView.swift in Sources */ = {isa = PBXBuildFile; fileRef = F111C92ADD21B7CA0BBB9F36 /* TaskCalendarView.swift */; };
		ED1F8F2CBCC93E643F585364 /* SharedData.swift in Sources */ = {isa = PBXBuildFile; fileRef = B513499CF4DA7C7704D42B92 /* SharedData.swift */; };
		ED823D6793E2D38B5482A7A5 /* GlobalSearchView.swift in Sources */ = {isa = PBXBuildFile; fileRef = A0DA4C3F77D83E619C689D1E /* GlobalSearchView.swift */; };
		EDCC6423FED733E4D89850EF /* EveningReviewView.swift in Sources */ = {isa = PBXBuildFile; fileRef = 0F2E3F8B010E42FCFD60E398 /* EveningReviewView.swift */; };
		EEC8CB3BEAD959EC7CA98944 /* FloEmptyState.swift in Sources */ = {isa = PBXBuildFile; fileRef = CC522C35DC6889867E09C0C6 /* FloEmptyState.swift */; };
		F06EA0CF1485061A8A8A276D /* FocusPreset.swift in Sources */ = {isa = PBXBuildFile; fileRef = C7AF10372C64CF2476CECABE /* FocusPreset.swift */; };
		F080F13B1CEC7E32CF58BA10 /* FloAnimations.swift in Sources */ = {isa = PBXBuildFile; fileRef = 9262C97D485427344A4C25AC /* FloAnimations.swift */; };
		F0B3978445B575055586F4D9 /* HabitCategoriesView.swift in Sources */ = {isa = PBXBuildFile; fileRef = 32ECB779FA9227E81CB42B09 /* HabitCategoriesView.swift */; };
		F0E22630431A10AC7814030F /* ProfileView.swift in Sources */ = {isa = PBXBuildFile; fileRef = 671E73457FE6B9B986FCF48D /* ProfileView.swift */; };
		F3DE0747AEC495F94521AFEC /* SyncService.swift in Sources */ = {isa = PBXBuildFile; fileRef = 7604618AE902A760194FBFF3 /* SyncService.swift */; };
		F807FE5DBCACC0462560514E /* FloButton.swift in Sources */ = {isa = PBXBuildFile; fileRef = 1B2CEEC246B02DCDCFA9D1C0 /* FloButton.swift */; };
		F9C98BE02C3486F6D67ADB55 /* FocusPreset.swift in Sources */ = {isa = PBXBuildFile; fileRef = C7AF10372C64CF2476CECABE /* FocusPreset.swift */; };
		F9E3CAB429244BA663884CB5 /* FocusTimerView.swift in Sources */ = {isa = PBXBuildFile; fileRef = 470E2AD0C773BDC3706CF63E /* FocusTimerView.swift */; };
		FAEE1E5F0B263E81921C1312 /* GlobalSearchView.swift in Sources */ = {isa = PBXBuildFile; fileRef = A0DA4C3F77D83E619C689D1E /* GlobalSearchView.swift */; };
		FB7C100115D86835CCB3EF1C /* SmartListsView.swift in Sources */ = {isa = PBXBuildFile; fileRef = 3967EADC9D67E7134A88FD44 /* SmartListsView.swift */; };
		FDAB0B43CB167CE7884AC1B9 /* TaskItem.swift in Sources */ = {isa = PBXBuildFile; fileRef = 4B77E3F7A1F6A3C917B1FEF6 /* TaskItem.swift */; };
/* End PBXBuildFile section */

/* Begin PBXFileReference section */
		0049BDC846DBEAD3B064E797 /* FloCard.swift */ = {isa = PBXFileReference; lastKnownFileType = sourcecode.swift; path = FloCard.swift; sourceTree = "<group>"; };
		0080A375746D6C5C88217EB4 /* ContentView.swift */ = {isa = PBXFileReference; lastKnownFileType = sourcecode.swift; path = ContentView.swift; sourceTree = "<group>"; };
		09020E6BAA0A88AE9A1E94AA /* FloColors.swift */ = {isa = PBXFileReference; lastKnownFileType = sourcecode.swift; path = FloColors.swift; sourceTree = "<group>"; };
		099E2BB95E64BB8CFE6D0ADF /* FocusPresetsView.swift */ = {isa = PBXFileReference; lastKnownFileType = sourcecode.swift; path = FocusPresetsView.swift; sourceTree = "<group>"; };
		0AFE3BDDDBA7A6FDF06418D1 /* TasksView.swift */ = {isa = PBXFileReference; lastKnownFileType = sourcecode.swift; path = TasksView.swift; sourceTree = "<group>"; };
		0D41F2E955CC84DC208FE7D1 /* OnboardingView.swift */ = {isa = PBXFileReference; lastKnownFileType = sourcecode.swift; path = OnboardingView.swift; sourceTree = "<group>"; };
		0DEC391D367031591AC18D79 /* Tag.swift */ = {isa = PBXFileReference; lastKnownFileType = sourcecode.swift; path = Tag.swift; sourceTree = "<group>"; };
		0F2E3F8B010E42FCFD60E398 /* EveningReviewView.swift */ = {isa = PBXFileReference; lastKnownFileType = sourcecode.swift; path = EveningReviewView.swift; sourceTree = "<group>"; };
		1017347D74F7CCC3A6F5F42B /* StreakWidget.swift */ = {isa = PBXFileReference; lastKnownFileType = sourcecode.swift; path = StreakWidget.swift; sourceTree = "<group>"; };
		11249C461E3ADCF29A298B83 /* StoreKitManager.swift */ = {isa = PBXFileReference; lastKnownFileType = sourcecode.swift; path = StoreKitManager.swift; sourceTree = "<group>"; };
		114EF72E57704E0F3387986F /* LiquidGlass.swift */ = {isa = PBXFileReference; lastKnownFileType = sourcecode.swift; path = LiquidGlass.swift; sourceTree = "<group>"; };
		116F11AFA3EB5083F4EE1FC4 /* FloWidgets.appex */ = {isa = PBXFileReference; includeInIndex = 0; lastKnownFileType = "wrapper.app-extension"; path = FloWidgets.appex; sourceTree = BUILT_PRODUCTS_DIR; };
		13C2DE48E6EB2BF76F26D2CB /* AuthView.swift */ = {isa = PBXFileReference; lastKnownFileType = sourcecode.swift; path = AuthView.swift; sourceTree = "<group>"; };
		1B2CEEC246B02DCDCFA9D1C0 /* FloButton.swift */ = {isa = PBXFileReference; lastKnownFileType = sourcecode.swift; path = FloButton.swift; sourceTree = "<group>"; };
		2081B9E13A046636829D87B5 /* LiveActivityManager.swift */ = {isa = PBXFileReference; lastKnownFileType = sourcecode.swift; path = LiveActivityManager.swift; sourceTree = "<group>"; };
		265955490D96A231E27A4330 /* PaywallView.swift */ = {isa = PBXFileReference; lastKnownFileType = sourcecode.swift; path = PaywallView.swift; sourceTree = "<group>"; };
		2803732B849FFE25091E1A10 /* Note.swift */ = {isa = PBXFileReference; lastKnownFileType = sourcecode.swift; path = Note.swift; sourceTree = "<group>"; };
		284545D2295542BA355920AB /* AIFeaturesHubView.swift */ = {isa = PBXFileReference; lastKnownFileType = sourcecode.swift; path = AIFeaturesHubView.swift; sourceTree = "<group>"; };
		294D5510470BCCC748D963EF /* AppIconView.swift */ = {isa = PBXFileReference; lastKnownFileType = sourcecode.swift; path = AppIconView.swift; sourceTree = "<group>"; };
		316C4043395BF9B4A9B2960C /* HabitViewModel.swift */ = {isa = PBXFileReference; lastKnownFileType = sourcecode.swift; path = HabitViewModel.swift; sourceTree = "<group>"; };
		323852B755EA4A6C8C39F8CE /* DailyScore.swift */ = {isa = PBXFileReference; lastKnownFileType = sourcecode.swift; path = DailyScore.swift; sourceTree = "<group>"; };
		32ECB779FA9227E81CB42B09 /* HabitCategoriesView.swift */ = {isa = PBXFileReference; lastKnownFileType = sourcecode.swift; path = HabitCategoriesView.swift; sourceTree = "<group>"; };
		3967EADC9D67E7134A88FD44 /* SmartListsView.swift */ = {isa = PBXFileReference; lastKnownFileType = sourcecode.swift; path = SmartListsView.swift; sourceTree = "<group>"; };
		3CD15676B85B4C92ED8F1CE2 /* EisenhowerMatrixView.swift */ = {isa = PBXFileReference; lastKnownFileType = sourcecode.swift; path = EisenhowerMatrixView.swift; sourceTree = "<group>"; };
		3CD790E89CFA8C564565734D /* FloTextField.swift */ = {isa = PBXFileReference; lastKnownFileType = sourcecode.swift; path = FloTextField.swift; sourceTree = "<group>"; };
		43172803406EA8EC9EA8C52D /* Assets.xcassets */ = {isa = PBXFileReference; lastKnownFileType = folder.assetcatalog; path = Assets.xcassets; sourceTree = "<group>"; };
		46BEFBEE99E1FB952CA1A702 /* Enums.swift */ = {isa = PBXFileReference; lastKnownFileType = sourcecode.swift; path = Enums.swift; sourceTree = "<group>"; };
		470E2AD0C773BDC3706CF63E /* FocusTimerView.swift */ = {isa = PBXFileReference; lastKnownFileType = sourcecode.swift; path = FocusTimerView.swift; sourceTree = "<group>"; };
		49D053475C5DEC8B9E546812 /* OnboardingViewModel.swift */ = {isa = PBXFileReference; lastKnownFileType = sourcecode.swift; path = OnboardingViewModel.swift; sourceTree = "<group>"; };
		49F8D77D54D53EB1CD5B818E /* AdvancedStatsView.swift */ = {isa = PBXFileReference; lastKnownFileType = sourcecode.swift; path = AdvancedStatsView.swift; sourceTree = "<group>"; };
		4B77E3F7A1F6A3C917B1FEF6 /* TaskItem.swift */ = {isa = PBXFileReference; lastKnownFileType = sourcecode.swift; path = TaskItem.swift; sourceTree = "<group>"; };
		4B8210CBECA77C2A6D13D494 /* AIDailyBriefingView.swift */ = {isa = PBXFileReference; lastKnownFileType = sourcecode.swift; path = AIDailyBriefingView.swift; sourceTree = "<group>"; };
		4BF2C28F2AF785DBE386DB5A /* WeeklyPlannerView.swift */ = {isa = PBXFileReference; lastKnownFileType = sourcecode.swift; path = WeeklyPlannerView.swift; sourceTree = "<group>"; };
		51AD3D5CF2ED0EA4DA7B7D26 /* CalendarService.swift */ = {isa = PBXFileReference; lastKnownFileType = sourcecode.swift; path = CalendarService.swift; sourceTree = "<group>"; };
		556B58459AD095759D354A50 /* HapticManager.swift */ = {isa = PBXFileReference; lastKnownFileType = sourcecode.swift; path = HapticManager.swift; sourceTree = "<group>"; };
		5959508A93309DD4C55E40B2 /* FocusSession.swift */ = {isa = PBXFileReference; lastKnownFileType = sourcecode.swift; path = FocusSession.swift; sourceTree = "<group>"; };
		5BEDADACE8C3588793D3A0F0 /* TaskViewModel.swift */ = {isa = PBXFileReference; lastKnownFileType = sourcecode.swift; path = TaskViewModel.swift; sourceTree = "<group>"; };
		5C3E6CEC38E59D3EA2A9FA7C /* DailyPlannerView.swift */ = {isa = PBXFileReference; lastKnownFileType = sourcecode.swift; path = DailyPlannerView.swift; sourceTree = "<group>"; };
		5E1571CBD80EAC9E9C304C0C /* Flo.app */ = {isa = PBXFileReference; explicitFileType = wrapper.application; includeInIndex = 0; path = Flo.app; sourceTree = BUILT_PRODUCTS_DIR; };
		6233E1A354018E74B6D01954 /* ProductivityScoreView.swift */ = {isa = PBXFileReference; lastKnownFileType = sourcecode.swift; path = ProductivityScoreView.swift; sourceTree = "<group>"; };
		64DE7196E3EE490289E417F2 /* Flo.app */ = {isa = PBXFileReference; includeInIndex = 0; lastKnownFileType = wrapper.application; path = Flo.app; sourceTree = BUILT_PRODUCTS_DIR; };
		65069CDCEDDA673AD25F4AA7 /* TaskTemplatesView.swift */ = {isa = PBXFileReference; lastKnownFileType = sourcecode.swift; path = TaskTemplatesView.swift; sourceTree = "<group>"; };
		671E73457FE6B9B986FCF48D /* ProfileView.swift */ = {isa = PBXFileReference; lastKnownFileType = sourcecode.swift; path = ProfileView.swift; sourceTree = "<group>"; };
		6858BA19EC681EAA0BF331C9 /* WidgetDataService.swift */ = {isa = PBXFileReference; lastKnownFileType = sourcecode.swift; path = WidgetDataService.swift; sourceTree = "<group>"; };
		6D3CBD184DC8676BC261B302 /* FocusTimerWidget.swift */ = {isa = PBXFileReference; lastKnownFileType = sourcecode.swift; path = FocusTimerWidget.swift; sourceTree = "<group>"; };
		7026D9CA18C9D74E4FC05C0D /* SettingsView.swift */ = {isa = PBXFileReference; lastKnownFileType = sourcecode.swift; path = SettingsView.swift; sourceTree = "<group>"; };
		7546598617C310FB2E710E52 /* FloAIService.swift */ = {isa = PBXFileReference; lastKnownFileType = sourcecode.swift; path = FloAIService.swift; sourceTree = "<group>"; };
		7604618AE902A760194FBFF3 /* SyncService.swift */ = {isa = PBXFileReference; lastKnownFileType = sourcecode.swift; path = SyncService.swift; sourceTree = "<group>"; };
		76485BCD5707465CD6154CDE /* LockScreenWidgets.swift */ = {isa = PBXFileReference; lastKnownFileType = sourcecode.swift; path = LockScreenWidgets.swift; sourceTree = "<group>"; };
		7D8F8D1F15C17CEB61C436AA /* ProductivityScoreWidget.swift */ = {isa = PBXFileReference; lastKnownFileType = sourcecode.swift; path = ProductivityScoreWidget.swift; sourceTree = "<group>"; };
		7ED1A1B7C62817B55AA388B0 /* FloProgressRing.swift */ = {isa = PBXFileReference; lastKnownFileType = sourcecode.swift; path = FloProgressRing.swift; sourceTree = "<group>"; };
		7F1AD137E5B854688F47407D /* MorningCheckInView.swift */ = {isa = PBXFileReference; lastKnownFileType = sourcecode.swift; path = MorningCheckInView.swift; sourceTree = "<group>"; };
		827B8D44EB3A61E0F8603BE5 /* MoodEntry.swift */ = {isa = PBXFileReference; lastKnownFileType = sourcecode.swift; path = MoodEntry.swift; sourceTree = "<group>"; };
		874C7CCD9BFB6BDBC3F01432 /* JournalEntry.swift */ = {isa = PBXFileReference; lastKnownFileType = sourcecode.swift; path = JournalEntry.swift; sourceTree = "<group>"; };
		8862F7CCFF777B0D8CA1DD6A /* JournalView.swift */ = {isa = PBXFileReference; lastKnownFileType = sourcecode.swift; path = JournalView.swift; sourceTree = "<group>"; };
		8A5D883FC89F134DB4491007 /* SupabaseManager.swift */ = {isa = PBXFileReference; lastKnownFileType = sourcecode.swift; path = SupabaseManager.swift; sourceTree = "<group>"; };
		8B573B5917BE7BB7E35213EA /* SupabaseModels.swift */ = {isa = PBXFileReference; lastKnownFileType = sourcecode.swift; path = SupabaseModels.swift; sourceTree = "<group>"; };
		911FA75A88487203D5BAFF94 /* DataExportView.swift */ = {isa = PBXFileReference; lastKnownFileType = sourcecode.swift; path = DataExportView.swift; sourceTree = "<group>"; };
		9202083731A26ABEB17258C3 /* FocusViewModel.swift */ = {isa = PBXFileReference; lastKnownFileType = sourcecode.swift; path = FocusViewModel.swift; sourceTree = "<group>"; };
		9262C97D485427344A4C25AC /* FloAnimations.swift */ = {isa = PBXFileReference; lastKnownFileType = sourcecode.swift; path = FloAnimations.swift; sourceTree = "<group>"; };
		932E67092B5F582F3694A7DC /* FloWidgets.entitlements */ = {isa = PBXFileReference; lastKnownFileType = text.plist.entitlements; path = FloWidgets.entitlements; sourceTree = "<group>"; };
		972519780896F7C172B48E9B /* SmartList.swift */ = {isa = PBXFileReference; lastKnownFileType = sourcecode.swift; path = SmartList.swift; sourceTree = "<group>"; };
		9C1348E4166A22517B9D98FD /* NotificationManager.swift */ = {isa = PBXFileReference; lastKnownFileType = sourcecode.swift; path = NotificationManager.swift; sourceTree = "<group>"; };
		9C5EB27E519FB44B5C9AB9B4 /* FloProducts.storekit */ = {isa = PBXFileReference; path = FloProducts.storekit; sourceTree = "<group>"; };
		A0DA4C3F77D83E619C689D1E /* GlobalSearchView.swift */ = {isa = PBXFileReference; lastKnownFileType = sourcecode.swift; path = GlobalSearchView.swift; sourceTree = "<group>"; };
		A6810F43EBC488FEC9EFB937 /* ThemePickerView.swift */ = {isa = PBXFileReference; lastKnownFileType = sourcecode.swift; path = ThemePickerView.swift; sourceTree = "<group>"; };
		A88D71E0A84B8E45E71CC6BF /* NotesViewModel.swift */ = {isa = PBXFileReference; lastKnownFileType = sourcecode.swift; path = NotesViewModel.swift; sourceTree = "<group>"; };
		AB68F46999B7DDCD515D6877 /* FloWidgetsBundle.swift */ = {isa = PBXFileReference; lastKnownFileType = sourcecode.swift; path = FloWidgetsBundle.swift; sourceTree = "<group>"; };
		B2A12173DB26A069E848967C /* QuickActionsManager.swift */ = {isa = PBXFileReference; lastKnownFileType = sourcecode.swift; path = QuickActionsManager.swift; sourceTree = "<group>"; };
		B513499CF4DA7C7704D42B92 /* SharedData.swift */ = {isa = PBXFileReference; lastKnownFileType = sourcecode.swift; path = SharedData.swift; sourceTree = "<group>"; };
		B98F671E9B86A1F99F15E33E /* Assets.xcassets */ = {isa = PBXFileReference; lastKnownFileType = folder.assetcatalog; path = Assets.xcassets; sourceTree = "<group>"; };
		C1DB1872E4F231067B2FA181 /* FocusHistoryView.swift */ = {isa = PBXFileReference; lastKnownFileType = sourcecode.swift; path = FocusHistoryView.swift; sourceTree = "<group>"; };
		C3D6F556C56B7C78020A2050 /* AIAssistantView.swift */ = {isa = PBXFileReference; lastKnownFileType = sourcecode.swift; path = AIAssistantView.swift; sourceTree = "<group>"; };
		C5835F7E6E742728CB7D59FE /* WhatsNewView.swift */ = {isa = PBXFileReference; lastKnownFileType = sourcecode.swift; path = WhatsNewView.swift; sourceTree = "<group>"; };
		C7AF10372C64CF2476CECABE /* FocusPreset.swift */ = {isa = PBXFileReference; lastKnownFileType = sourcecode.swift; path = FocusPreset.swift; sourceTree = "<group>"; };
		C869081CDF0D7EE19C4E6779 /* FloWidgets.appex */ = {isa = PBXFileReference; explicitFileType = "wrapper.app-extension"; includeInIndex = 0; path = FloWidgets.appex; sourceTree = BUILT_PRODUCTS_DIR; };
		C92C37013F149353C94B3DDD /* KanbanBoardView.swift */ = {isa = PBXFileReference; lastKnownFileType = sourcecode.swift; path = KanbanBoardView.swift; sourceTree = "<group>"; };
		C95D1A9A1D3236FDB51EF57F /* FloTypography.swift */ = {isa = PBXFileReference; lastKnownFileType = sourcecode.swift; path = FloTypography.swift; sourceTree = "<group>"; };
		CB84DA015A11AC4333B16BAA /* Flo.entitlements */ = {isa = PBXFileReference; lastKnownFileType = text.plist.entitlements; path = Flo.entitlements; sourceTree = "<group>"; };
		CC522C35DC6889867E09C0C6 /* FloEmptyState.swift */ = {isa = PBXFileReference; lastKnownFileType = sourcecode.swift; path = FloEmptyState.swift; sourceTree = "<group>"; };
		D0E187E78D4C18D3BEE735B3 /* FocusLiveActivity.swift */ = {isa = PBXFileReference; lastKnownFileType = sourcecode.swift; path = FocusLiveActivity.swift; sourceTree = "<group>"; };
		D7C565C42C6FEFAE3C89451D /* NotesView.swift */ = {isa = PBXFileReference; lastKnownFileType = sourcecode.swift; path = NotesView.swift; sourceTree = "<group>"; };
		DB7566C5A2B1007346EFD106 /* TodaySummaryWidget.swift */ = {isa = PBXFileReference; lastKnownFileType = sourcecode.swift; path = TodaySummaryWidget.swift; sourceTree = "<group>"; };
		E4F45CEBE0BCDF47142499C5 /* AdManager.swift */ = {isa = PBXFileReference; lastKnownFileType = sourcecode.swift; path = AdManager.swift; sourceTree = "<group>"; };
		E52F2B601060B41C0D63A67B /* AmbientSoundsView.swift */ = {isa = PBXFileReference; lastKnownFileType = sourcecode.swift; path = AmbientSoundsView.swift; sourceTree = "<group>"; };
		E60FD9612E4E682D5137B65D /* HabitTrackerWidget.swift */ = {isa = PBXFileReference; lastKnownFileType = sourcecode.swift; path = HabitTrackerWidget.swift; sourceTree = "<group>"; };
		E62AE5D376932D4CDBDCB3B9 /* FloApp.swift */ = {isa = PBXFileReference; lastKnownFileType = sourcecode.swift; path = FloApp.swift; sourceTree = "<group>"; };
		EAD4C1D8A3C4FD28DF3A02E5 /* FocusReportView.swift */ = {isa = PBXFileReference; lastKnownFileType = sourcecode.swift; path = FocusReportView.swift; sourceTree = "<group>"; };
		EC463BDF10994C05BA3A77DE /* ToggleHabitIntent.swift */ = {isa = PBXFileReference; lastKnownFileType = sourcecode.swift; path = ToggleHabitIntent.swift; sourceTree = "<group>"; };
		EF3C6100FF9F657C235ACAA4 /* Project.swift */ = {isa = PBXFileReference; lastKnownFileType = sourcecode.swift; path = Project.swift; sourceTree = "<group>"; };
		EF73D96BBB61336B06A593CD /* TaskStatsView.swift */ = {isa = PBXFileReference; lastKnownFileType = sourcecode.swift; path = TaskStatsView.swift; sourceTree = "<group>"; };
		F111C92ADD21B7CA0BBB9F36 /* TaskCalendarView.swift */ = {isa = PBXFileReference; lastKnownFileType = sourcecode.swift; path = TaskCalendarView.swift; sourceTree = "<group>"; };
		F17E680F1456FFA1E8F5CA33 /* HabitsView.swift */ = {isa = PBXFileReference; lastKnownFileType = sourcecode.swift; path = HabitsView.swift; sourceTree = "<group>"; };
		F7F4CAC06D07E29C6090E45E /* Habit.swift */ = {isa = PBXFileReference; lastKnownFileType = sourcecode.swift; path = Habit.swift; sourceTree = "<group>"; };
		F9DE068611127807A56E1D6A /* NextTaskWidget.swift */ = {isa = PBXFileReference; lastKnownFileType = sourcecode.swift; path = NextTaskWidget.swift; sourceTree = "<group>"; };
/* End PBXFileReference section */

/* Begin PBXFrameworksBuildPhase section */
		83DE5B664325F57AA24663E8 /* Frameworks */ = {
			isa = PBXFrameworksBuildPhase;
			buildActionMask = 2147483647;
			files = (
				BBFE8C848CB32964D1FB11F5 /* Supabase in Frameworks */,
			);
			runOnlyForDeploymentPostprocessing = 0;
		};
		E56F86EF198058478BE730C1 /* Frameworks */ = {
			isa = PBXFrameworksBuildPhase;
			buildActionMask = 2147483647;
			files = (
				BDE9FF0E9C5FD05D87EAD781 /* Supabase in Frameworks */,
			);
			runOnlyForDeploymentPostprocessing = 0;
		};
/* End PBXFrameworksBuildPhase section */

/* Begin PBXGroup section */
		057C4B38D6BF5A6502E85E88 /* Providers */ = {
			isa = PBXGroup;
			children = (
				B513499CF4DA7C7704D42B92 /* SharedData.swift */,
			);
			path = Providers;
			sourceTree = "<group>";
		};
		05B7F13FF93E884B201C4092 /* Intents */ = {
			isa = PBXGroup;
			children = (
				EC463BDF10994C05BA3A77DE /* ToggleHabitIntent.swift */,
			);
			path = Intents;
			sourceTree = "<group>";
		};
		360D8BACD788F8C9BB9A497F /* Products */ = {
			isa = PBXGroup;
			children = (
				64DE7196E3EE490289E417F2 /* Flo.app */,
				5E1571CBD80EAC9E9C304C0C /* Flo.app */,
				116F11AFA3EB5083F4EE1FC4 /* FloWidgets.appex */,
				C869081CDF0D7EE19C4E6779 /* FloWidgets.appex */,
			);
			name = Products;
			sourceTree = "<group>";
		};
		3D43818E8F1616933C85B6EC /* Services */ = {
			isa = PBXGroup;
			children = (
				E4F45CEBE0BCDF47142499C5 /* AdManager.swift */,
				51AD3D5CF2ED0EA4DA7B7D26 /* CalendarService.swift */,
				7546598617C310FB2E710E52 /* FloAIService.swift */,
				556B58459AD095759D354A50 /* HapticManager.swift */,
				2081B9E13A046636829D87B5 /* LiveActivityManager.swift */,
				9C1348E4166A22517B9D98FD /* NotificationManager.swift */,
				B2A12173DB26A069E848967C /* QuickActionsManager.swift */,
				11249C461E3ADCF29A298B83 /* StoreKitManager.swift */,
				8A5D883FC89F134DB4491007 /* SupabaseManager.swift */,
				8B573B5917BE7BB7E35213EA /* SupabaseModels.swift */,
				7604618AE902A760194FBFF3 /* SyncService.swift */,
				6858BA19EC681EAA0BF331C9 /* WidgetDataService.swift */,
			);
			path = Services;
			sourceTree = "<group>";
		};
		467C92803C0A514A1ABFEFA6 /* Habits */ = {
			isa = PBXGroup;
			children = (
				32ECB779FA9227E81CB42B09 /* HabitCategoriesView.swift */,
				F17E680F1456FFA1E8F5CA33 /* HabitsView.swift */,
			);
			path = Habits;
			sourceTree = "<group>";
		};
		4C6566325C05A1FE0A2D79F4 /* Flo */ = {
			isa = PBXGroup;
			children = (
				4F8778D6F97C841B8ACEAB31 /* DesignSystem */,
				A707D39A40A67A391243430A /* LiveActivity */,
				E7CA62681C6B5678D077E189 /* Models */,
				3D43818E8F1616933C85B6EC /* Services */,
				65F75ABFEE4922E8AF23C63C /* ViewModels */,
				D9D926A27032D75D6F81819D /* Views */,
				43172803406EA8EC9EA8C52D /* Assets.xcassets */,
				CB84DA015A11AC4333B16BAA /* Flo.entitlements */,
				E62AE5D376932D4CDBDCB3B9 /* FloApp.swift */,
				9C5EB27E519FB44B5C9AB9B4 /* FloProducts.storekit */,
			);
			path = Flo;
			sourceTree = "<group>";
		};
		4F8778D6F97C841B8ACEAB31 /* DesignSystem */ = {
			isa = PBXGroup;
			children = (
				F710572449AB2C5FCB431974 /* Components */,
				9262C97D485427344A4C25AC /* FloAnimations.swift */,
				09020E6BAA0A88AE9A1E94AA /* FloColors.swift */,
				CC522C35DC6889867E09C0C6 /* FloEmptyState.swift */,
				C95D1A9A1D3236FDB51EF57F /* FloTypography.swift */,
				114EF72E57704E0F3387986F /* LiquidGlass.swift */,
			);
			path = DesignSystem;
			sourceTree = "<group>";
		};
		55D7B772F367C8198EE1A8FD /* AI */ = {
			isa = PBXGroup;
			children = (
				C3D6F556C56B7C78020A2050 /* AIAssistantView.swift */,
				4B8210CBECA77C2A6D13D494 /* AIDailyBriefingView.swift */,
				284545D2295542BA355920AB /* AIFeaturesHubView.swift */,
			);
			path = AI;
			sourceTree = "<group>";
		};
		6211C2F2BC940C3B6797F399 /* FloWidgets */ = {
			isa = PBXGroup;
			children = (
				05B7F13FF93E884B201C4092 /* Intents */,
				057C4B38D6BF5A6502E85E88 /* Providers */,
				A8774DCBAE32BB65C29BDA78 /* Widgets */,
				B98F671E9B86A1F99F15E33E /* Assets.xcassets */,
				932E67092B5F582F3694A7DC /* FloWidgets.entitlements */,
				AB68F46999B7DDCD515D6877 /* FloWidgetsBundle.swift */,
			);
			path = FloWidgets;
			sourceTree = "<group>";
		};
		65F75ABFEE4922E8AF23C63C /* ViewModels */ = {
			isa = PBXGroup;
			children = (
				9202083731A26ABEB17258C3 /* FocusViewModel.swift */,
				316C4043395BF9B4A9B2960C /* HabitViewModel.swift */,
				A88D71E0A84B8E45E71CC6BF /* NotesViewModel.swift */,
				49D053475C5DEC8B9E546812 /* OnboardingViewModel.swift */,
				5BEDADACE8C3588793D3A0F0 /* TaskViewModel.swift */,
			);
			path = ViewModels;
			sourceTree = "<group>";
		};
		6A13658CC7129E4703881881 /* Tasks */ = {
			isa = PBXGroup;
			children = (
				3CD15676B85B4C92ED8F1CE2 /* EisenhowerMatrixView.swift */,
				C92C37013F149353C94B3DDD /* KanbanBoardView.swift */,
				3967EADC9D67E7134A88FD44 /* SmartListsView.swift */,
				F111C92ADD21B7CA0BBB9F36 /* TaskCalendarView.swift */,
				EF73D96BBB61336B06A593CD /* TaskStatsView.swift */,
				0AFE3BDDDBA7A6FDF06418D1 /* TasksView.swift */,
				65069CDCEDDA673AD25F4AA7 /* TaskTemplatesView.swift */,
			);
			path = Tasks;
			sourceTree = "<group>";
		};
		709B2B5780DE62EBC4808039 /* Focus */ = {
			isa = PBXGroup;
			children = (
				E52F2B601060B41C0D63A67B /* AmbientSoundsView.swift */,
				C1DB1872E4F231067B2FA181 /* FocusHistoryView.swift */,
				099E2BB95E64BB8CFE6D0ADF /* FocusPresetsView.swift */,
				EAD4C1D8A3C4FD28DF3A02E5 /* FocusReportView.swift */,
				470E2AD0C773BDC3706CF63E /* FocusTimerView.swift */,
			);
			path = Focus;
			sourceTree = "<group>";
		};
		7712462C0DE7C2E75885DC52 = {
			isa = PBXGroup;
			children = (
				4C6566325C05A1FE0A2D79F4 /* Flo */,
				6211C2F2BC940C3B6797F399 /* FloWidgets */,
				360D8BACD788F8C9BB9A497F /* Products */,
			);
			sourceTree = "<group>";
		};
		8C67AFD946DA51372BE3FAA3 /* Notes */ = {
			isa = PBXGroup;
			children = (
				D7C565C42C6FEFAE3C89451D /* NotesView.swift */,
			);
			path = Notes;
			sourceTree = "<group>";
		};
		A707D39A40A67A391243430A /* LiveActivity */ = {
			isa = PBXGroup;
			children = (
				D0E187E78D4C18D3BEE735B3 /* FocusLiveActivity.swift */,
			);
			path = LiveActivity;
			sourceTree = "<group>";
		};
		A8774DCBAE32BB65C29BDA78 /* Widgets */ = {
			isa = PBXGroup;
			children = (
				6D3CBD184DC8676BC261B302 /* FocusTimerWidget.swift */,
				E60FD9612E4E682D5137B65D /* HabitTrackerWidget.swift */,
				76485BCD5707465CD6154CDE /* LockScreenWidgets.swift */,
				F9DE068611127807A56E1D6A /* NextTaskWidget.swift */,
				7D8F8D1F15C17CEB61C436AA /* ProductivityScoreWidget.swift */,
				1017347D74F7CCC3A6F5F42B /* StreakWidget.swift */,
				DB7566C5A2B1007346EFD106 /* TodaySummaryWidget.swift */,
			);
			path = Widgets;
			sourceTree = "<group>";
		};
		A941BEB6BB95F824401A3727 /* Onboarding */ = {
			isa = PBXGroup;
			children = (
				0D41F2E955CC84DC208FE7D1 /* OnboardingView.swift */,
			);
			path = Onboarding;
			sourceTree = "<group>";
		};
		B9BCE8C3119ACB31F14368D9 /* Journal */ = {
			isa = PBXGroup;
			children = (
				8862F7CCFF777B0D8CA1DD6A /* JournalView.swift */,
			);
			path = Journal;
			sourceTree = "<group>";
		};
		C995E353E0A0CF3E334D30A9 /* Planner */ = {
			isa = PBXGroup;
			children = (
				5C3E6CEC38E59D3EA2A9FA7C /* DailyPlannerView.swift */,
				0F2E3F8B010E42FCFD60E398 /* EveningReviewView.swift */,
				7F1AD137E5B854688F47407D /* MorningCheckInView.swift */,
				6233E1A354018E74B6D01954 /* ProductivityScoreView.swift */,
				4BF2C28F2AF785DBE386DB5A /* WeeklyPlannerView.swift */,
			);
			path = Planner;
			sourceTree = "<group>";
		};
		CEC916EB53405CFA7E30DFF7 /* Auth */ = {
			isa = PBXGroup;
			children = (
				13C2DE48E6EB2BF76F26D2CB /* AuthView.swift */,
				671E73457FE6B9B986FCF48D /* ProfileView.swift */,
			);
			path = Auth;
			sourceTree = "<group>";
		};
		D9D926A27032D75D6F81819D /* Views */ = {
			isa = PBXGroup;
			children = (
				55D7B772F367C8198EE1A8FD /* AI */,
				CEC916EB53405CFA7E30DFF7 /* Auth */,
				709B2B5780DE62EBC4808039 /* Focus */,
				467C92803C0A514A1ABFEFA6 /* Habits */,
				B9BCE8C3119ACB31F14368D9 /* Journal */,
				8C67AFD946DA51372BE3FAA3 /* Notes */,
				A941BEB6BB95F824401A3727 /* Onboarding */,
				DA4DF029BDC2B21545F053DF /* Paywall */,
				C995E353E0A0CF3E334D30A9 /* Planner */,
				E90A8095E5480F86DF5FE2DB /* Search */,
				F794C53DCA208BAD1C477649 /* Settings */,
				6A13658CC7129E4703881881 /* Tasks */,
				0080A375746D6C5C88217EB4 /* ContentView.swift */,
			);
			path = Views;
			sourceTree = "<group>";
		};
		DA4DF029BDC2B21545F053DF /* Paywall */ = {
			isa = PBXGroup;
			children = (
				265955490D96A231E27A4330 /* PaywallView.swift */,
			);
			path = Paywall;
			sourceTree = "<group>";
		};
		E7CA62681C6B5678D077E189 /* Models */ = {
			isa = PBXGroup;
			children = (
				323852B755EA4A6C8C39F8CE /* DailyScore.swift */,
				46BEFBEE99E1FB952CA1A702 /* Enums.swift */,
				C7AF10372C64CF2476CECABE /* FocusPreset.swift */,
				5959508A93309DD4C55E40B2 /* FocusSession.swift */,
				F7F4CAC06D07E29C6090E45E /* Habit.swift */,
				874C7CCD9BFB6BDBC3F01432 /* JournalEntry.swift */,
				827B8D44EB3A61E0F8603BE5 /* MoodEntry.swift */,
				2803732B849FFE25091E1A10 /* Note.swift */,
				EF3C6100FF9F657C235ACAA4 /* Project.swift */,
				972519780896F7C172B48E9B /* SmartList.swift */,
				0DEC391D367031591AC18D79 /* Tag.swift */,
				4B77E3F7A1F6A3C917B1FEF6 /* TaskItem.swift */,
			);
			path = Models;
			sourceTree = "<group>";
		};
		E90A8095E5480F86DF5FE2DB /* Search */ = {
			isa = PBXGroup;
			children = (
				A0DA4C3F77D83E619C689D1E /* GlobalSearchView.swift */,
			);
			path = Search;
			sourceTree = "<group>";
		};
		F710572449AB2C5FCB431974 /* Components */ = {
			isa = PBXGroup;
			children = (
				1B2CEEC246B02DCDCFA9D1C0 /* FloButton.swift */,
				0049BDC846DBEAD3B064E797 /* FloCard.swift */,
				7ED1A1B7C62817B55AA388B0 /* FloProgressRing.swift */,
				3CD790E89CFA8C564565734D /* FloTextField.swift */,
			);
			path = Components;
			sourceTree = "<group>";
		};
		F794C53DCA208BAD1C477649 /* Settings */ = {
			isa = PBXGroup;
			children = (
				49F8D77D54D53EB1CD5B818E /* AdvancedStatsView.swift */,
				294D5510470BCCC748D963EF /* AppIconView.swift */,
				911FA75A88487203D5BAFF94 /* DataExportView.swift */,
				7026D9CA18C9D74E4FC05C0D /* SettingsView.swift */,
				A6810F43EBC488FEC9EFB937 /* ThemePickerView.swift */,
				C5835F7E6E742728CB7D59FE /* WhatsNewView.swift */,
			);
			path = Settings;
			sourceTree = "<group>";
		};
/* End PBXGroup section */

/* Begin PBXNativeTarget section */
		0E1A6DAA615E4BDD9696A776 /* Flo_macOS */ = {
			isa = PBXNativeTarget;
			buildConfigurationList = 89E1C7E01E0E14BCCD4B8D0E /* Build configuration list for PBXNativeTarget "Flo_macOS" */;
			buildPhases = (
				9CA5FB37589D605D9F363489 /* Sources */,
				265743F33390E7A45B1C7AD0 /* Resources */,
				83DE5B664325F57AA24663E8 /* Frameworks */,
			);
			buildRules = (
			);
			dependencies = (
			);
			name = Flo_macOS;
			packageProductDependencies = (
				4D4C2B60526730E7641EFA1D /* Supabase */,
			);
			productName = Flo_macOS;
			productReference = 5E1571CBD80EAC9E9C304C0C /* Flo.app */;
			productType = "com.apple.product-type.application";
		};
		845F4A484CF62C3FF4399E75 /* FloWidgets_macOS */ = {
			isa = PBXNativeTarget;
			buildConfigurationList = 9ECDD98FE5D0C9D47FFCDEA5 /* Build configuration list for PBXNativeTarget "FloWidgets_macOS" */;
			buildPhases = (
				A0D566AED4AFC33383433161 /* Sources */,
				0D555D7501E20844B3B43160 /* Resources */,
			);
			buildRules = (
			);
			dependencies = (
			);
			name = FloWidgets_macOS;
			packageProductDependencies = (
			);
			productName = FloWidgets_macOS;
			productReference = C869081CDF0D7EE19C4E6779 /* FloWidgets.appex */;
			productType = "com.apple.product-type.app-extension";
		};
		92BB108575C9E05EC7404D9F /* FloWidgets_iOS */ = {
			isa = PBXNativeTarget;
			buildConfigurationList = 8D1F8AA1148DB98B2CF63E9C /* Build configuration list for PBXNativeTarget "FloWidgets_iOS" */;
			buildPhases = (
				FA6A39E5BBF0D2A012375EE2 /* Sources */,
				58E7B6854F66F3F7B167BE89 /* Resources */,
			);
			buildRules = (
			);
			dependencies = (
			);
			name = FloWidgets_iOS;
			packageProductDependencies = (
			);
			productName = FloWidgets_iOS;
			productReference = 116F11AFA3EB5083F4EE1FC4 /* FloWidgets.appex */;
			productType = "com.apple.product-type.app-extension";
		};
		9A7E3697412A2C9DE3FBAD42 /* Flo_iOS */ = {
			isa = PBXNativeTarget;
			buildConfigurationList = 7A4415A4B0BBF882D1377E79 /* Build configuration list for PBXNativeTarget "Flo_iOS" */;
			buildPhases = (
				C339877571BF6D261D69A216 /* Sources */,
				B91BE84E6C620FBD246AB4CA /* Resources */,
				E56F86EF198058478BE730C1 /* Frameworks */,
			);
			buildRules = (
			);
			dependencies = (
			);
			name = Flo_iOS;
			packageProductDependencies = (
				FB5DE761DD5E93F1134D09C0 /* Supabase */,
			);
			productName = Flo_iOS;
			productReference = 64DE7196E3EE490289E417F2 /* Flo.app */;
			productType = "com.apple.product-type.application";
		};
/* End PBXNativeTarget section */

/* Begin PBXProject section */
		00EFF76635D82281DDC46EE9 /* Project object */ = {
			isa = PBXProject;
			attributes = {
				BuildIndependentTargetsInParallel = YES;
				LastUpgradeCheck = 2600;
				TargetAttributes = {
					0E1A6DAA615E4BDD9696A776 = {
						DevelopmentTeam = "";
						ProvisioningStyle = Automatic;
					};
					845F4A484CF62C3FF4399E75 = {
						DevelopmentTeam = "";
						ProvisioningStyle = Automatic;
					};
					92BB108575C9E05EC7404D9F = {
						DevelopmentTeam = "";
						ProvisioningStyle = Automatic;
					};
					9A7E3697412A2C9DE3FBAD42 = {
						DevelopmentTeam = "";
						ProvisioningStyle = Automatic;
					};
				};
			};
			buildConfigurationList = 796360E4AC5843249A8786C3 /* Build configuration list for PBXProject "Flo" */;
			developmentRegion = en;
			hasScannedForEncodings = 0;
			knownRegions = (
				Base,
				en,
			);
			mainGroup = 7712462C0DE7C2E75885DC52;
			minimizedProjectReferenceProxies = 1;
			packageReferences = (
				44CAF53C0D5414B1E22FE62C /* XCRemoteSwiftPackageReference "supabase-swift" */,
			);
			preferredProjectObjectVersion = 77;
			productRefGroup = 360D8BACD788F8C9BB9A497F /* Products */;
			projectDirPath = "";
			projectRoot = "";
			targets = (
				92BB108575C9E05EC7404D9F /* FloWidgets_iOS */,
				845F4A484CF62C3FF4399E75 /* FloWidgets_macOS */,
				9A7E3697412A2C9DE3FBAD42 /* Flo_iOS */,
				0E1A6DAA615E4BDD9696A776 /* Flo_macOS */,
			);
		};
/* End PBXProject section */

/* Begin PBXResourcesBuildPhase section */
		0D555D7501E20844B3B43160 /* Resources */ = {
			isa = PBXResourcesBuildPhase;
			buildActionMask = 2147483647;
			files = (
				50DE7237011EF070346DA9C0 /* Assets.xcassets in Resources */,
			);
			runOnlyForDeploymentPostprocessing = 0;
		};
		265743F33390E7A45B1C7AD0 /* Resources */ = {
			isa = PBXResourcesBuildPhase;
			buildActionMask = 2147483647;
			files = (
				DABD5E7BCEA0BD1BAA5CACC0 /* Assets.xcassets in Resources */,
				4A87FD4A7F81A9FD4324DAAA /* FloProducts.storekit in Resources */,
			);
			runOnlyForDeploymentPostprocessing = 0;
		};
		58E7B6854F66F3F7B167BE89 /* Resources */ = {
			isa = PBXResourcesBuildPhase;
			buildActionMask = 2147483647;
			files = (
				5955D86CFC06D4E2A0BC0E73 /* Assets.xcassets in Resources */,
			);
			runOnlyForDeploymentPostprocessing = 0;
		};
		B91BE84E6C620FBD246AB4CA /* Resources */ = {
			isa = PBXResourcesBuildPhase;
			buildActionMask = 2147483647;
			files = (
				2C4F91804854F06102EF2050 /* Assets.xcassets in Resources */,
				DADEB22444745227CAE09093 /* FloProducts.storekit in Resources */,
			);
			runOnlyForDeploymentPostprocessing = 0;
		};
/* End PBXResourcesBuildPhase section */

/* Begin PBXSourcesBuildPhase section */
		9CA5FB37589D605D9F363489 /* Sources */ = {
			isa = PBXSourcesBuildPhase;
			buildActionMask = 2147483647;
			files = (
				2EAAF3A157993033362206FF /* AIAssistantView.swift in Sources */,
				66BEE3D8F86BFAC31E9DC6D1 /* AIDailyBriefingView.swift in Sources */,
				70E714DE7290E74FC92FF66B /* AIFeaturesHubView.swift in Sources */,
				61EDB143E98A4C83711BEF6F /* AdManager.swift in Sources */,
				DFE8D679CD1EAF2A41BBB814 /* AdvancedStatsView.swift in Sources */,
				4F4036C1863758B92BB00D28 /* AmbientSoundsView.swift in Sources */,
				9AC13EEBAE0E07D72537C54B /* AppIconView.swift in Sources */,
				860392EAE483D34D5A1982FB /* AuthView.swift in Sources */,
				5839E36CA776A72146B91801 /* CalendarService.swift in Sources */,
				6CF2FFA519700BE0C67E7735 /* ContentView.swift in Sources */,
				DD780213A881A6B99C25BB1B /* DailyPlannerView.swift in Sources */,
				AB4041743D68F31958A016A8 /* DailyScore.swift in Sources */,
				7F12172E2377607839E90F13 /* DataExportView.swift in Sources */,
				496E7FD9C590D55DA04B6861 /* EisenhowerMatrixView.swift in Sources */,
				C6CCF2439BE7C4C042C952F1 /* Enums.swift in Sources */,
				EDCC6423FED733E4D89850EF /* EveningReviewView.swift in Sources */,
				35C420D96126B5D868EBF65B /* FloAIService.swift in Sources */,
				F080F13B1CEC7E32CF58BA10 /* FloAnimations.swift in Sources */,
				D29916E9BAB570AB4773E010 /* FloApp.swift in Sources */,
				488223D2213B216E34582289 /* FloButton.swift in Sources */,
				33BD3D09B537AF2B92E6FC62 /* FloCard.swift in Sources */,
				2011DDCCE9849187D8BEB382 /* FloColors.swift in Sources */,
				EEC8CB3BEAD959EC7CA98944 /* FloEmptyState.swift in Sources */,
				B1C3C9294D8EAD3C6F36C10F /* FloProgressRing.swift in Sources */,
				D7C534342F901BB0A17BFA3E /* FloTextField.swift in Sources */,
				112B2339592D943DF5B23A8E /* FloTypography.swift in Sources */,
				054BDC6302065632FC5D6056 /* FocusHistoryView.swift in Sources */,
				119D00A897552BC61DAE59D4 /* FocusLiveActivity.swift in Sources */,
				F9C98BE02C3486F6D67ADB55 /* FocusPreset.swift in Sources */,
				4A4A7CE88A02FEBD18AA6592 /* FocusPresetsView.swift in Sources */,
				605599C124EF0232379CFCF8 /* FocusReportView.swift in Sources */,
				71E9DD830EC76950F361A6E8 /* FocusSession.swift in Sources */,
				F9E3CAB429244BA663884CB5 /* FocusTimerView.swift in Sources */,
				2181581FDF14A96D09736E15 /* FocusViewModel.swift in Sources */,
				ED823D6793E2D38B5482A7A5 /* GlobalSearchView.swift in Sources */,
				ABCBB73A966A9A6A03C96F19 /* Habit.swift in Sources */,
				F0B3978445B575055586F4D9 /* HabitCategoriesView.swift in Sources */,
				D904804ED3417530ECC48612 /* HabitViewModel.swift in Sources */,
				0A6F703F01E73C7748F873B3 /* HabitsView.swift in Sources */,
				0457834A49A0BAE9C4DD1317 /* HapticManager.swift in Sources */,
				34E3F46E8C234644E9F12172 /* JournalEntry.swift in Sources */,
				228B5094E334DB40FDE63074 /* JournalView.swift in Sources */,
				6E2C139D9DE990DA2F842E7B /* KanbanBoardView.swift in Sources */,
				D6D7D41D691C8691F7C342E6 /* LiquidGlass.swift in Sources */,
				3EA7CF173F1150ECB782BE18 /* LiveActivityManager.swift in Sources */,
				D1AEFA33B7BD20A8E8412841 /* MoodEntry.swift in Sources */,
				D310CF2B104EB39454B539EB /* MorningCheckInView.swift in Sources */,
				1CA33E486F555D949CD84FC6 /* Note.swift in Sources */,
				816957AEFF91CFB8A81CEAF9 /* NotesView.swift in Sources */,
				27B9408A5C8AD10A444A178A /* NotesViewModel.swift in Sources */,
				15157222F7E189C7586D549D /* NotificationManager.swift in Sources */,
				708403449EF6E5FFE495AB83 /* OnboardingView.swift in Sources */,
				A3F8B311BABD919A731F6A10 /* OnboardingViewModel.swift in Sources */,
				4FBE1172AA2029078E53934F /* PaywallView.swift in Sources */,
				9804481A3FA7BAA7978FC32D /* ProductivityScoreView.swift in Sources */,
				7612D65D3F9E930CE3BAB6D2 /* ProfileView.swift in Sources */,
				5C55682AEC2E36A0181F702E /* Project.swift in Sources */,
				4C1FB5ECD1E96B49F52225FE /* QuickActionsManager.swift in Sources */,
				83553C1C8A6D158AE66E099E /* SettingsView.swift in Sources */,
				82820C18F2543845BF05E2F1 /* SmartList.swift in Sources */,
				E8755B0245D92CF4941AC098 /* SmartListsView.swift in Sources */,
				1292C08E4F9D3615A430B3B0 /* StoreKitManager.swift in Sources */,
				D456C89CFEC0A5BA27DCA8F5 /* SupabaseManager.swift in Sources */,
				1699B1F55A8CA1E11CB5EADD /* SupabaseModels.swift in Sources */,
				F3DE0747AEC495F94521AFEC /* SyncService.swift in Sources */,
				A75E7B52968887B0CE16AB34 /* Tag.swift in Sources */,
				4C38F5061B937AFB35A76584 /* TaskCalendarView.swift in Sources */,
				FDAB0B43CB167CE7884AC1B9 /* TaskItem.swift in Sources */,
				83524F7E17BF7FB08584920F /* TaskStatsView.swift in Sources */,
				DA3D9DBE5124AC8854C4A4A4 /* TaskTemplatesView.swift in Sources */,
				506730091F68E98C726D55A7 /* TaskViewModel.swift in Sources */,
				537E2B83BC4B4637C658B4A6 /* TasksView.swift in Sources */,
				13C4A1E00A20B2E5E7B6DDFC /* ThemePickerView.swift in Sources */,
				30E90ED003BC5B2FEDF06B4E /* WeeklyPlannerView.swift in Sources */,
				DE2B6801CD064074C431C5DD /* WhatsNewView.swift in Sources */,
				5C995B136829C85D165D3087 /* WidgetDataService.swift in Sources */,
			);
			runOnlyForDeploymentPostprocessing = 0;
		};
		A0D566AED4AFC33383433161 /* Sources */ = {
			isa = PBXSourcesBuildPhase;
			buildActionMask = 2147483647;
			files = (
				A2BD4FDFCCAB6250F3E1F6EF /* FloWidgetsBundle.swift in Sources */,
				6B7105546E584BEC599070BB /* FocusTimerWidget.swift in Sources */,
				95097599CB22099A028CED1C /* HabitTrackerWidget.swift in Sources */,
				0691DFA04E512D349F52F2C1 /* LockScreenWidgets.swift in Sources */,
				A0074E32B79DF68176E8F980 /* NextTaskWidget.swift in Sources */,
				1C9D855069C8A531438DA5C6 /* ProductivityScoreWidget.swift in Sources */,
				ED1F8F2CBCC93E643F585364 /* SharedData.swift in Sources */,
				1C4025F4897BFFF2846C60D2 /* StreakWidget.swift in Sources */,
				998C168BF930DFD1C2E82C0E /* TodaySummaryWidget.swift in Sources */,
				126D58FFFB8AD99246A25D45 /* ToggleHabitIntent.swift in Sources */,
			);
			runOnlyForDeploymentPostprocessing = 0;
		};
		C339877571BF6D261D69A216 /* Sources */ = {
			isa = PBXSourcesBuildPhase;
			buildActionMask = 2147483647;
			files = (
				0AA2DBF4F92AE3981E028910 /* AIAssistantView.swift in Sources */,
				2587AF1AB217AD90E7E1F81C /* AIDailyBriefingView.swift in Sources */,
				6157522468E06B84DD60366D /* AIFeaturesHubView.swift in Sources */,
				4D1EF2A1CF8092B476241A50 /* AdManager.swift in Sources */,
				A790FCEC6C7FF1474054C26D /* AdvancedStatsView.swift in Sources */,
				E91AF914FE114F547C0062E2 /* AmbientSoundsView.swift in Sources */,
				03E804A4E2FCA8969DC75780 /* AppIconView.swift in Sources */,
				A8789D60BC3CA5B4A0BAF2C2 /* AuthView.swift in Sources */,
				6C0954BDA7163C51D02E15AC /* CalendarService.swift in Sources */,
				9E3002AD8D1D5C667A83ED58 /* ContentView.swift in Sources */,
				228D9E518BD7732A4A7CE823 /* DailyPlannerView.swift in Sources */,
				BF81986168EAABD196E455C0 /* DailyScore.swift in Sources */,
				BF03B18EB6730665993C370D /* DataExportView.swift in Sources */,
				ABF289F1D7EFC5639A93FF1C /* EisenhowerMatrixView.swift in Sources */,
				3196E92EA0AAF87E706846E8 /* Enums.swift in Sources */,
				C6EF2299A6F9884660369109 /* EveningReviewView.swift in Sources */,
				A54C20BC16147B3A43993B53 /* FloAIService.swift in Sources */,
				1ABC3F44B45594F6E5043037 /* FloAnimations.swift in Sources */,
				2A738CDE51EEDD498FB2F575 /* FloApp.swift in Sources */,
				F807FE5DBCACC0462560514E /* FloButton.swift in Sources */,
				730C61D450C00579A1A151B1 /* FloCard.swift in Sources */,
				EA99F87F34A7677D9B010E33 /* FloColors.swift in Sources */,
				E3B8E7EA0CF7E3524304036E /* FloEmptyState.swift in Sources */,
				3B81F31D04F13C11FF00285D /* FloProgressRing.swift in Sources */,
				440B733E37A051B4F7ED4F44 /* FloTextField.swift in Sources */,
				7858FDBC9767F5E7EA81F30C /* FloTypography.swift in Sources */,
				7EC127920D066AFE70126B96 /* FocusHistoryView.swift in Sources */,
				7EC78098FE04FA86984365F2 /* FocusLiveActivity.swift in Sources */,
				F06EA0CF1485061A8A8A276D /* FocusPreset.swift in Sources */,
				ACB9CAEE4C3E4C965EB1320B /* FocusPresetsView.swift in Sources */,
				2E34543DA16ABD43CB2CD243 /* FocusReportView.swift in Sources */,
				3F278D8D44F04137BC218F41 /* FocusSession.swift in Sources */,
				7ACD7366413AC8789DEF0044 /* FocusTimerView.swift in Sources */,
				CA3FA67BBF8CE484852F3FCD /* FocusViewModel.swift in Sources */,
				FAEE1E5F0B263E81921C1312 /* GlobalSearchView.swift in Sources */,
				4054F8E54B678042B5CB1918 /* Habit.swift in Sources */,
				141B1EDE0E81645B3759FA9A /* HabitCategoriesView.swift in Sources */,
				21B642151ADD0DCB7D92BA06 /* HabitViewModel.swift in Sources */,
				33CCA4B39B96AC527DD2FD78 /* HabitsView.swift in Sources */,
				BE5A26C726701BF2280EA3DC /* HapticManager.swift in Sources */,
				9D29BCFECAA772A304028386 /* JournalEntry.swift in Sources */,
				06D1678B3CA98110FF4A30A3 /* JournalView.swift in Sources */,
				81BA4922D583AFB4E1C21720 /* KanbanBoardView.swift in Sources */,
				25C499BE4A63731A6F25983C /* LiquidGlass.swift in Sources */,
				D155ADEBFB5AFE7402158228 /* LiveActivityManager.swift in Sources */,
				6BCAE234952643078C4D3A90 /* MoodEntry.swift in Sources */,
				10516D62B550FF7537F5E0CC /* MorningCheckInView.swift in Sources */,
				6770D33C63140CF3FE3013EF /* Note.swift in Sources */,
				B3F5B92DF4FFE5F9CCC39726 /* NotesView.swift in Sources */,
				A2CFF73BDF620C25E4F2F6FA /* NotesViewModel.swift in Sources */,
				C066A72549380E79E52E3420 /* NotificationManager.swift in Sources */,
				D08BDCA520BE847ADB162D3C /* OnboardingView.swift in Sources */,
				B0CCB615CE79089399558F63 /* OnboardingViewModel.swift in Sources */,
				1DE01B7644A616499280774B /* PaywallView.swift in Sources */,
				E590EBDCE812EC9D3515CB19 /* ProductivityScoreView.swift in Sources */,
				F0E22630431A10AC7814030F /* ProfileView.swift in Sources */,
				DD9F51F3B2C6C84EBFCF1F73 /* Project.swift in Sources */,
				D9BB0ACFA286FCECE861C250 /* QuickActionsManager.swift in Sources */,
				B587B50C3DA728635A348CD8 /* SettingsView.swift in Sources */,
				4FCC6CC1E09A5C600E486C9D /* SmartList.swift in Sources */,
				FB7C100115D86835CCB3EF1C /* SmartListsView.swift in Sources */,
				7067F7CA87731160FFFA68A9 /* StoreKitManager.swift in Sources */,
				2D9883B6713E6D7A853DD13E /* SupabaseManager.swift in Sources */,
				8327F9EDE260961C40288AC3 /* SupabaseModels.swift in Sources */,
				3A58D942C4CAFA2CE2E03961 /* SyncService.swift in Sources */,
				325478C6CEBF11195357C210 /* Tag.swift in Sources */,
				EB75071D75718E85309BBFAF /* TaskCalendarView.swift in Sources */,
				32DC620F00A1517E101C5A76 /* TaskItem.swift in Sources */,
				DE06244DFD273DB6D72043E9 /* TaskStatsView.swift in Sources */,
				B9F00FC0B2A123D447786D91 /* TaskTemplatesView.swift in Sources */,
				3F07740C766E3184A150B38A /* TaskViewModel.swift in Sources */,
				6CCC0A837AA6AA7D6E35DE6D /* TasksView.swift in Sources */,
				97508F7A26BBF0742B8EFEEC /* ThemePickerView.swift in Sources */,
				2A98BD76977A1A2357A486FE /* WeeklyPlannerView.swift in Sources */,
				5B5E470AFE6CFA73FCBAF014 /* WhatsNewView.swift in Sources */,
				301F316390659D7DF166FB0A /* WidgetDataService.swift in Sources */,
			);
			runOnlyForDeploymentPostprocessing = 0;
		};
		FA6A39E5BBF0D2A012375EE2 /* Sources */ = {
			isa = PBXSourcesBuildPhase;
			buildActionMask = 2147483647;
			files = (
				34A8B98F3A1CADA3BC85F50A /* FloWidgetsBundle.swift in Sources */,
				10C1E5FA3E3EC3BCBB896410 /* FocusTimerWidget.swift in Sources */,
				B254F8312A2149CAF873E45E /* HabitTrackerWidget.swift in Sources */,
				DA9815A39E0889F6EE632291 /* LockScreenWidgets.swift in Sources */,
				DB875D678B40614D320B099B /* NextTaskWidget.swift in Sources */,
				1B4F28AF6A5289A4468141F2 /* ProductivityScoreWidget.swift in Sources */,
				383A94EC56165976DC74EA62 /* SharedData.swift in Sources */,
				04872FB1F5D474279650ADBE /* StreakWidget.swift in Sources */,
				D53DB8FAD44CBECAABC94E0D /* TodaySummaryWidget.swift in Sources */,
				B2E9091A803C513F8DB1A89B /* ToggleHabitIntent.swift in Sources */,
			);
			runOnlyForDeploymentPostprocessing = 0;
		};
/* End PBXSourcesBuildPhase section */

/* Begin XCBuildConfiguration section */
		2E4F300A167ACB64756F8B69 /* Debug */ = {
			isa = XCBuildConfiguration;
			buildSettings = {
				ALWAYS_SEARCH_USER_PATHS = NO;
				CLANG_ANALYZER_NONNULL = YES;
				CLANG_ANALYZER_NUMBER_OBJECT_CONVERSION = YES_AGGRESSIVE;
				CLANG_CXX_LANGUAGE_STANDARD = "gnu++14";
				CLANG_CXX_LIBRARY = "libc++";
				CLANG_ENABLE_MODULES = YES;
				CLANG_ENABLE_OBJC_ARC = YES;
				CLANG_ENABLE_OBJC_WEAK = YES;
				CLANG_WARN_BLOCK_CAPTURE_AUTORELEASING = YES;
				CLANG_WARN_BOOL_CONVERSION = YES;
				CLANG_WARN_COMMA = YES;
				CLANG_WARN_CONSTANT_CONVERSION = YES;
				CLANG_WARN_DEPRECATED_OBJC_IMPLEMENTATIONS = YES;
				CLANG_WARN_DIRECT_OBJC_ISA_USAGE = YES_ERROR;
				CLANG_WARN_DOCUMENTATION_COMMENTS = YES;
				CLANG_WARN_EMPTY_BODY = YES;
				CLANG_WARN_ENUM_CONVERSION = YES;
				CLANG_WARN_INFINITE_RECURSION = YES;
				CLANG_WARN_INT_CONVERSION = YES;
				CLANG_WARN_NON_LITERAL_NULL_CONVERSION = YES;
				CLANG_WARN_OBJC_IMPLICIT_RETAIN_SELF = YES;
				CLANG_WARN_OBJC_LITERAL_CONVERSION = YES;
				CLANG_WARN_OBJC_ROOT_CLASS = YES_ERROR;
				CLANG_WARN_QUOTED_INCLUDE_IN_FRAMEWORK_HEADER = YES;
				CLANG_WARN_RANGE_LOOP_ANALYSIS = YES;
				CLANG_WARN_STRICT_PROTOTYPES = YES;
				CLANG_WARN_SUSPICIOUS_MOVE = YES;
				CLANG_WARN_UNGUARDED_AVAILABILITY = YES_AGGRESSIVE;
				CLANG_WARN_UNREACHABLE_CODE = YES;
				CLANG_WARN__DUPLICATE_METHOD_MATCH = YES;
				CODE_SIGN_STYLE = Automatic;
				COPY_PHASE_STRIP = NO;
				CURRENT_PROJECT_VERSION = 1;
				DEBUG_INFORMATION_FORMAT = dwarf;
				DEVELOPMENT_TEAM = "";
				ENABLE_STRICT_OBJC_MSGSEND = YES;
				ENABLE_TESTABILITY = YES;
				GCC_C_LANGUAGE_STANDARD = gnu11;
				GCC_DYNAMIC_NO_PIC = NO;
				GCC_NO_COMMON_BLOCKS = YES;
				GCC_OPTIMIZATION_LEVEL = 0;
				GCC_PREPROCESSOR_DEFINITIONS = (
					"$(inherited)",
					"DEBUG=1",
				);
				GCC_WARN_64_TO_32_BIT_CONVERSION = YES;
				GCC_WARN_ABOUT_RETURN_TYPE = YES_ERROR;
				GCC_WARN_UNDECLARED_SELECTOR = YES;
				GCC_WARN_UNINITIALIZED_AUTOS = YES_AGGRESSIVE;
				GCC_WARN_UNUSED_FUNCTION = YES;
				GCC_WARN_UNUSED_VARIABLE = YES;
				IPHONEOS_DEPLOYMENT_TARGET = 26.0;
				MACOSX_DEPLOYMENT_TARGET = 26.0;
				MARKETING_VERSION = 1.0.0;
				MTL_ENABLE_DEBUG_INFO = INCLUDE_SOURCE;
				MTL_FAST_MATH = YES;
				ONLY_ACTIVE_ARCH = YES;
				PRODUCT_NAME = "$(TARGET_NAME)";
				SWIFT_ACTIVE_COMPILATION_CONDITIONS = DEBUG;
				SWIFT_OPTIMIZATION_LEVEL = "-Onone";
				SWIFT_VERSION = 6.0;
			};
			name = Debug;
		};
		3A009CC532E03509FEAA9284 /* Debug */ = {
			isa = XCBuildConfiguration;
			buildSettings = {
				ASSETCATALOG_COMPILER_GLOBAL_ACCENT_COLOR_NAME = AccentColor;
				CODE_SIGN_ENTITLEMENTS = FloWidgets/FloWidgets.entitlements;
				COMBINE_HIDPI_IMAGES = YES;
				GENERATE_INFOPLIST_FILE = YES;
				INFOPLIST_KEY_CFBundleDisplayName = "Flō Widgets";
				INFOPLIST_KEY_NSExtension_NSExtensionPointIdentifier = "com.apple.widgetkit-extension";
				LD_RUNPATH_SEARCH_PATHS = (
					"$(inherited)",
					"@executable_path/../Frameworks",
					"@executable_path/../../../../Frameworks",
				);
				PRODUCT_BUNDLE_IDENTIFIER = com.solderg.flo.widgets;
				PRODUCT_NAME = FloWidgets;
				SDKROOT = macosx;
			};
			name = Debug;
		};
		46C15BACE6D504D794A16F22 /* Release */ = {
			isa = XCBuildConfiguration;
			buildSettings = {
				ASSETCATALOG_COMPILER_APPICON_NAME = AppIcon;
				ASSETCATALOG_COMPILER_GLOBAL_ACCENT_COLOR_NAME = AccentColor;
				CODE_SIGN_ENTITLEMENTS = Flo/Flo.entitlements;
				COMBINE_HIDPI_IMAGES = YES;
				ENABLE_APP_SANDBOX = YES;
				ENABLE_HARDENED_RUNTIME = YES;
				GENERATE_INFOPLIST_FILE = YES;
				INFOPLIST_KEY_CFBundleDisplayName = "Flō";
				INFOPLIST_KEY_LSApplicationCategoryType = "public.app-category.productivity";
				INFOPLIST_KEY_NSCalendarsUsageDescription = "Flo needs calendar access to add habit reminders to your Apple Calendar.";
				INFOPLIST_KEY_NSSupportsLiveActivities = YES;
				INFOPLIST_KEY_UIApplicationSceneManifest_Generation = YES;
				INFOPLIST_KEY_UIApplicationSupportsIndirectInputEvents = YES;
				INFOPLIST_KEY_UILaunchScreen_Generation = YES;
				INFOPLIST_KEY_UISupportedInterfaceOrientations_iPad = "UIInterfaceOrientationPortrait UIInterfaceOrientationPortraitUpsideDown UIInterfaceOrientationLandscapeLeft UIInterfaceOrientationLandscapeRight";
				INFOPLIST_KEY_UISupportedInterfaceOrientations_iPhone = "UIInterfaceOrientationPortrait UIInterfaceOrientationLandscapeLeft UIInterfaceOrientationLandscapeRight";
				LD_RUNPATH_SEARCH_PATHS = (
					"$(inherited)",
					"@executable_path/../Frameworks",
				);
				PRODUCT_BUNDLE_IDENTIFIER = com.solderg.flo;
				PRODUCT_NAME = Flo;
				SDKROOT = macosx;
				SUPPORTS_MAC_DESIGNED_FOR_IPHONE_IPAD = NO;
				SWIFT_COMPILATION_MODE = wholemodule;
			};
			name = Release;
		};
		8586F5CCDC2F3384D7045748 /* Release */ = {
			isa = XCBuildConfiguration;
			buildSettings = {
				ASSETCATALOG_COMPILER_GLOBAL_ACCENT_COLOR_NAME = AccentColor;
				CODE_SIGN_ENTITLEMENTS = FloWidgets/FloWidgets.entitlements;
				GENERATE_INFOPLIST_FILE = YES;
				INFOPLIST_KEY_CFBundleDisplayName = "Flō Widgets";
				INFOPLIST_KEY_NSExtension_NSExtensionPointIdentifier = "com.apple.widgetkit-extension";
				LD_RUNPATH_SEARCH_PATHS = (
					"$(inherited)",
					"@executable_path/Frameworks",
					"@executable_path/../../Frameworks",
				);
				PRODUCT_BUNDLE_IDENTIFIER = com.solderg.flo.widgets;
				PRODUCT_NAME = FloWidgets;
				SDKROOT = iphoneos;
				TARGETED_DEVICE_FAMILY = "1,2";
			};
			name = Release;
		};
		94CC2402120A9F09D800FE42 /* Debug */ = {
			isa = XCBuildConfiguration;
			buildSettings = {
				ASSETCATALOG_COMPILER_APPICON_NAME = AppIcon;
				ASSETCATALOG_COMPILER_GLOBAL_ACCENT_COLOR_NAME = AccentColor;
				CODE_SIGN_ENTITLEMENTS = Flo/Flo.entitlements;
				CODE_SIGN_IDENTITY = "iPhone Developer";
				ENABLE_APP_SANDBOX = YES;
				ENABLE_HARDENED_RUNTIME = YES;
				GENERATE_INFOPLIST_FILE = YES;
				INFOPLIST_KEY_CFBundleDisplayName = "Flō";
				INFOPLIST_KEY_LSApplicationCategoryType = "public.app-category.productivity";
				INFOPLIST_KEY_NSCalendarsUsageDescription = "Flo needs calendar access to add habit reminders to your Apple Calendar.";
				INFOPLIST_KEY_NSSupportsLiveActivities = YES;
				INFOPLIST_KEY_UIApplicationSceneManifest_Generation = YES;
				INFOPLIST_KEY_UIApplicationSupportsIndirectInputEvents = YES;
				INFOPLIST_KEY_UILaunchScreen_Generation = YES;
				INFOPLIST_KEY_UISupportedInterfaceOrientations_iPad = "UIInterfaceOrientationPortrait UIInterfaceOrientationPortraitUpsideDown UIInterfaceOrientationLandscapeLeft UIInterfaceOrientationLandscapeRight";
				INFOPLIST_KEY_UISupportedInterfaceOrientations_iPhone = "UIInterfaceOrientationPortrait UIInterfaceOrientationLandscapeLeft UIInterfaceOrientationLandscapeRight";
				LD_RUNPATH_SEARCH_PATHS = (
					"$(inherited)",
					"@executable_path/Frameworks",
				);
				PRODUCT_BUNDLE_IDENTIFIER = com.solderg.flo;
				PRODUCT_NAME = Flo;
				SDKROOT = iphoneos;
				SUPPORTS_MAC_DESIGNED_FOR_IPHONE_IPAD = NO;
				SWIFT_ACTIVE_COMPILATION_CONDITIONS = DEBUG;
				TARGETED_DEVICE_FAMILY = "1,2";
			};
			name = Debug;
		};
		9ED9BE2BB9F27E36DE7E16B7 /* Release */ = {
			isa = XCBuildConfiguration;
			buildSettings = {
				ASSETCATALOG_COMPILER_GLOBAL_ACCENT_COLOR_NAME = AccentColor;
				CODE_SIGN_ENTITLEMENTS = FloWidgets/FloWidgets.entitlements;
				COMBINE_HIDPI_IMAGES = YES;
				GENERATE_INFOPLIST_FILE = YES;
				INFOPLIST_KEY_CFBundleDisplayName = "Flō Widgets";
				INFOPLIST_KEY_NSExtension_NSExtensionPointIdentifier = "com.apple.widgetkit-extension";
				LD_RUNPATH_SEARCH_PATHS = (
					"$(inherited)",
					"@executable_path/../Frameworks",
					"@executable_path/../../../../Frameworks",
				);
				PRODUCT_BUNDLE_IDENTIFIER = com.solderg.flo.widgets;
				PRODUCT_NAME = FloWidgets;
				SDKROOT = macosx;
			};
			name = Release;
		};
		B936324A06FEAE01325B91F0 /* Debug */ = {
			isa = XCBuildConfiguration;
			buildSettings = {
				ASSETCATALOG_COMPILER_APPICON_NAME = AppIcon;
				ASSETCATALOG_COMPILER_GLOBAL_ACCENT_COLOR_NAME = AccentColor;
				CODE_SIGN_ENTITLEMENTS = Flo/Flo.entitlements;
				COMBINE_HIDPI_IMAGES = YES;
				ENABLE_APP_SANDBOX = YES;
				ENABLE_HARDENED_RUNTIME = YES;
				GENERATE_INFOPLIST_FILE = YES;
				INFOPLIST_KEY_CFBundleDisplayName = "Flō";
				INFOPLIST_KEY_LSApplicationCategoryType = "public.app-category.productivity";
				INFOPLIST_KEY_NSCalendarsUsageDescription = "Flo needs calendar access to add habit reminders to your Apple Calendar.";
				INFOPLIST_KEY_NSSupportsLiveActivities = YES;
				INFOPLIST_KEY_UIApplicationSceneManifest_Generation = YES;
				INFOPLIST_KEY_UIApplicationSupportsIndirectInputEvents = YES;
				INFOPLIST_KEY_UILaunchScreen_Generation = YES;
				INFOPLIST_KEY_UISupportedInterfaceOrientations_iPad = "UIInterfaceOrientationPortrait UIInterfaceOrientationPortraitUpsideDown UIInterfaceOrientationLandscapeLeft UIInterfaceOrientationLandscapeRight";
				INFOPLIST_KEY_UISupportedInterfaceOrientations_iPhone = "UIInterfaceOrientationPortrait UIInterfaceOrientationLandscapeLeft UIInterfaceOrientationLandscapeRight";
				LD_RUNPATH_SEARCH_PATHS = (
					"$(inherited)",
					"@executable_path/../Frameworks",
				);
				PRODUCT_BUNDLE_IDENTIFIER = com.solderg.flo;
				PRODUCT_NAME = Flo;
				SDKROOT = macosx;
				SUPPORTS_MAC_DESIGNED_FOR_IPHONE_IPAD = NO;
				SWIFT_ACTIVE_COMPILATION_CONDITIONS = DEBUG;
			};
			name = Debug;
		};
		C1CDB8814671CB8568FC5853 /* Release */ = {
			isa = XCBuildConfiguration;
			buildSettings = {
				ALWAYS_SEARCH_USER_PATHS = NO;
				CLANG_ANALYZER_NONNULL = YES;
				CLANG_ANALYZER_NUMBER_OBJECT_CONVERSION = YES_AGGRESSIVE;
				CLANG_CXX_LANGUAGE_STANDARD = "gnu++14";
				CLANG_CXX_LIBRARY = "libc++";
				CLANG_ENABLE_MODULES = YES;
				CLANG_ENABLE_OBJC_ARC = YES;
				CLANG_ENABLE_OBJC_WEAK = YES;
				CLANG_WARN_BLOCK_CAPTURE_AUTORELEASING = YES;
				CLANG_WARN_BOOL_CONVERSION = YES;
				CLANG_WARN_COMMA = YES;
				CLANG_WARN_CONSTANT_CONVERSION = YES;
				CLANG_WARN_DEPRECATED_OBJC_IMPLEMENTATIONS = YES;
				CLANG_WARN_DIRECT_OBJC_ISA_USAGE = YES_ERROR;
				CLANG_WARN_DOCUMENTATION_COMMENTS = YES;
				CLANG_WARN_EMPTY_BODY = YES;
				CLANG_WARN_ENUM_CONVERSION = YES;
				CLANG_WARN_INFINITE_RECURSION = YES;
				CLANG_WARN_INT_CONVERSION = YES;
				CLANG_WARN_NON_LITERAL_NULL_CONVERSION = YES;
				CLANG_WARN_OBJC_IMPLICIT_RETAIN_SELF = YES;
				CLANG_WARN_OBJC_LITERAL_CONVERSION = YES;
				CLANG_WARN_OBJC_ROOT_CLASS = YES_ERROR;
				CLANG_WARN_QUOTED_INCLUDE_IN_FRAMEWORK_HEADER = YES;
				CLANG_WARN_RANGE_LOOP_ANALYSIS = YES;
				CLANG_WARN_STRICT_PROTOTYPES = YES;
				CLANG_WARN_SUSPICIOUS_MOVE = YES;
				CLANG_WARN_UNGUARDED_AVAILABILITY = YES_AGGRESSIVE;
				CLANG_WARN_UNREACHABLE_CODE = YES;
				CLANG_WARN__DUPLICATE_METHOD_MATCH = YES;
				CODE_SIGN_STYLE = Automatic;
				COPY_PHASE_STRIP = NO;
				CURRENT_PROJECT_VERSION = 1;
				DEBUG_INFORMATION_FORMAT = "dwarf-with-dsym";
				DEVELOPMENT_TEAM = "";
				ENABLE_NS_ASSERTIONS = NO;
				ENABLE_STRICT_OBJC_MSGSEND = YES;
				GCC_C_LANGUAGE_STANDARD = gnu11;
				GCC_NO_COMMON_BLOCKS = YES;
				GCC_WARN_64_TO_32_BIT_CONVERSION = YES;
				GCC_WARN_ABOUT_RETURN_TYPE = YES_ERROR;
				GCC_WARN_UNDECLARED_SELECTOR = YES;
				GCC_WARN_UNINITIALIZED_AUTOS = YES_AGGRESSIVE;
				GCC_WARN_UNUSED_FUNCTION = YES;
				GCC_WARN_UNUSED_VARIABLE = YES;
				IPHONEOS_DEPLOYMENT_TARGET = 26.0;
				MACOSX_DEPLOYMENT_TARGET = 26.0;
				MARKETING_VERSION = 1.0.0;
				MTL_ENABLE_DEBUG_INFO = NO;
				MTL_FAST_MATH = YES;
				PRODUCT_NAME = "$(TARGET_NAME)";
				SWIFT_COMPILATION_MODE = wholemodule;
				SWIFT_OPTIMIZATION_LEVEL = "-O";
				SWIFT_VERSION = 6.0;
			};
			name = Release;
		};
		C44885C65B782844BB3256A2 /* Debug */ = {
			isa = XCBuildConfiguration;
			buildSettings = {
				ASSETCATALOG_COMPILER_GLOBAL_ACCENT_COLOR_NAME = AccentColor;
				CODE_SIGN_ENTITLEMENTS = FloWidgets/FloWidgets.entitlements;
				GENERATE_INFOPLIST_FILE = YES;
				INFOPLIST_KEY_CFBundleDisplayName = "Flō Widgets";
				INFOPLIST_KEY_NSExtension_NSExtensionPointIdentifier = "com.apple.widgetkit-extension";
				LD_RUNPATH_SEARCH_PATHS = (
					"$(inherited)",
					"@executable_path/Frameworks",
					"@executable_path/../../Frameworks",
				);
				PRODUCT_BUNDLE_IDENTIFIER = com.solderg.flo.widgets;
				PRODUCT_NAME = FloWidgets;
				SDKROOT = iphoneos;
				TARGETED_DEVICE_FAMILY = "1,2";
			};
			name = Debug;
		};
		EA89A988497A9AC9D760E125 /* Release */ = {
			isa = XCBuildConfiguration;
			buildSettings = {
				ASSETCATALOG_COMPILER_APPICON_NAME = AppIcon;
				ASSETCATALOG_COMPILER_GLOBAL_ACCENT_COLOR_NAME = AccentColor;
				CODE_SIGN_ENTITLEMENTS = Flo/Flo.entitlements;
				CODE_SIGN_IDENTITY = "iPhone Developer";
				ENABLE_APP_SANDBOX = YES;
				ENABLE_HARDENED_RUNTIME = YES;
				GENERATE_INFOPLIST_FILE = YES;
				INFOPLIST_KEY_CFBundleDisplayName = "Flō";
				INFOPLIST_KEY_LSApplicationCategoryType = "public.app-category.productivity";
				INFOPLIST_KEY_NSCalendarsUsageDescription = "Flo needs calendar access to add habit reminders to your Apple Calendar.";
				INFOPLIST_KEY_NSSupportsLiveActivities = YES;
				INFOPLIST_KEY_UIApplicationSceneManifest_Generation = YES;
				INFOPLIST_KEY_UIApplicationSupportsIndirectInputEvents = YES;
				INFOPLIST_KEY_UILaunchScreen_Generation = YES;
				INFOPLIST_KEY_UISupportedInterfaceOrientations_iPad = "UIInterfaceOrientationPortrait UIInterfaceOrientationPortraitUpsideDown UIInterfaceOrientationLandscapeLeft UIInterfaceOrientationLandscapeRight";
				INFOPLIST_KEY_UISupportedInterfaceOrientations_iPhone = "UIInterfaceOrientationPortrait UIInterfaceOrientationLandscapeLeft UIInterfaceOrientationLandscapeRight";
				LD_RUNPATH_SEARCH_PATHS = (
					"$(inherited)",
					"@executable_path/Frameworks",
				);
				PRODUCT_BUNDLE_IDENTIFIER = com.solderg.flo;
				PRODUCT_NAME = Flo;
				SDKROOT = iphoneos;
				SUPPORTS_MAC_DESIGNED_FOR_IPHONE_IPAD = NO;
				SWIFT_COMPILATION_MODE = wholemodule;
				TARGETED_DEVICE_FAMILY = "1,2";
			};
			name = Release;
		};
/* End XCBuildConfiguration section */

/* Begin XCConfigurationList section */
		796360E4AC5843249A8786C3 /* Build configuration list for PBXProject "Flo" */ = {
			isa = XCConfigurationList;
			buildConfigurations = (
				2E4F300A167ACB64756F8B69 /* Debug */,
				C1CDB8814671CB8568FC5853 /* Release */,
			);
			defaultConfigurationIsVisible = 0;
			defaultConfigurationName = Debug;
		};
		7A4415A4B0BBF882D1377E79 /* Build configuration list for PBXNativeTarget "Flo_iOS" */ = {
			isa = XCConfigurationList;
			buildConfigurations = (
				94CC2402120A9F09D800FE42 /* Debug */,
				EA89A988497A9AC9D760E125 /* Release */,
			);
			defaultConfigurationIsVisible = 0;
			defaultConfigurationName = Debug;
		};
		89E1C7E01E0E14BCCD4B8D0E /* Build configuration list for PBXNativeTarget "Flo_macOS" */ = {
			isa = XCConfigurationList;
			buildConfigurations = (
				B936324A06FEAE01325B91F0 /* Debug */,
				46C15BACE6D504D794A16F22 /* Release */,
			);
			defaultConfigurationIsVisible = 0;
			defaultConfigurationName = Debug;
		};
		8D1F8AA1148DB98B2CF63E9C /* Build configuration list for PBXNativeTarget "FloWidgets_iOS" */ = {
			isa = XCConfigurationList;
			buildConfigurations = (
				C44885C65B782844BB3256A2 /* Debug */,
				8586F5CCDC2F3384D7045748 /* Release */,
			);
			defaultConfigurationIsVisible = 0;
			defaultConfigurationName = Debug;
		};
		9ECDD98FE5D0C9D47FFCDEA5 /* Build configuration list for PBXNativeTarget "FloWidgets_macOS" */ = {
			isa = XCConfigurationList;
			buildConfigurations = (
				3A009CC532E03509FEAA9284 /* Debug */,
				9ED9BE2BB9F27E36DE7E16B7 /* Release */,
			);
			defaultConfigurationIsVisible = 0;
			defaultConfigurationName = Debug;
		};
/* End XCConfigurationList section */

/* Begin XCRemoteSwiftPackageReference section */
		44CAF53C0D5414B1E22FE62C /* XCRemoteSwiftPackageReference "supabase-swift" */ = {
			isa = XCRemoteSwiftPackageReference;
			repositoryURL = "https://github.com/supabase/supabase-swift";
			requirement = {
				kind = upToNextMajorVersion;
				minimumVersion = 2.0.0;
			};
		};
/* End XCRemoteSwiftPackageReference section */

/* Begin XCSwiftPackageProductDependency section */
		4D4C2B60526730E7641EFA1D /* Supabase */ = {
			isa = XCSwiftPackageProductDependency;
			package = 44CAF53C0D5414B1E22FE62C /* XCRemoteSwiftPackageReference "supabase-swift" */;
			productName = Supabase;
		};
		FB5DE761DD5E93F1134D09C0 /* Supabase */ = {
			isa = XCSwiftPackageProductDependency;
			package = 44CAF53C0D5414B1E22FE62C /* XCRemoteSwiftPackageReference "supabase-swift" */;
			productName = Supabase;
		};
/* End XCSwiftPackageProductDependency section */
	};
	rootObject = 00EFF76635D82281DDC46EE9 /* Project object */;
}
